// !$*UTF8*$!
{
	archiveVersion = 1;
	classes = {
	};
	objectVersion = 50;
	objects = {

/* Begin PBXBuildFile section */
		51370C4324EBD59A00103512 /* LoaderState.swift in Sources */ = {isa = PBXBuildFile; fileRef = 51370C4224EBD59A00103512 /* LoaderState.swift */; };
		51390968250D1FAE000CE14A /* LikeView.swift in Sources */ = {isa = PBXBuildFile; fileRef = 51390967250D1FAE000CE14A /* LikeView.swift */; };
		51464370250BCB830046D835 /* WaveFill.swift in Sources */ = {isa = PBXBuildFile; fileRef = 5146436F250BCB830046D835 /* WaveFill.swift */; };
		51464372250BD7700046D835 /* PillsDropView.swift in Sources */ = {isa = PBXBuildFile; fileRef = 51464371250BD7700046D835 /* PillsDropView.swift */; };
		51464374250BD8840046D835 /* FillShapes.swift in Sources */ = {isa = PBXBuildFile; fileRef = 51464373250BD8840046D835 /* FillShapes.swift */; };
		515339C726EF3B4F00495622 /* TriangleLoader.swift in Sources */ = {isa = PBXBuildFile; fileRef = 515339C626EF3B4F00495622 /* TriangleLoader.swift */; };
		515339F726F080B400495622 /* TriangleShape.swift in Sources */ = {isa = PBXBuildFile; fileRef = 515339F626F080B400495622 /* TriangleShape.swift */; };
		515557E724DE966F0001E523 /* ChatBarView.swift in Sources */ = {isa = PBXBuildFile; fileRef = 515557E624DE966F0001E523 /* ChatBarView.swift */; };
		515557E924DEA6050001E523 /* AttachmentButton.swift in Sources */ = {isa = PBXBuildFile; fileRef = 515557E824DEA6050001E523 /* AttachmentButton.swift */; };
		515557EC24DEAC350001E523 /* Colors.swift in Sources */ = {isa = PBXBuildFile; fileRef = 515557EB24DEAC350001E523 /* Colors.swift */; };
		517BFA5E24DC45C100D4F78A /* Triangle.swift in Sources */ = {isa = PBXBuildFile; fileRef = 517BFA5D24DC45C100D4F78A /* Triangle.swift */; };
		517BFA6024DC45C800D4F78A /* Tick.swift in Sources */ = {isa = PBXBuildFile; fileRef = 517BFA5F24DC45C800D4F78A /* Tick.swift */; };
		5184227F262064E40004FA3A /* DownloadingIndicatorView.swift in Sources */ = {isa = PBXBuildFile; fileRef = 5184227E262064E40004FA3A /* DownloadingIndicatorView.swift */; };
		5184228326207DE90004FA3A /* DownloadStateView.swift in Sources */ = {isa = PBXBuildFile; fileRef = 5184228226207DE90004FA3A /* DownloadStateView.swift */; };
		518E823124DAA665002CB679 /* AppDelegate.swift in Sources */ = {isa = PBXBuildFile; fileRef = 518E823024DAA665002CB679 /* AppDelegate.swift */; };
		518E823324DAA665002CB679 /* SceneDelegate.swift in Sources */ = {isa = PBXBuildFile; fileRef = 518E823224DAA665002CB679 /* SceneDelegate.swift */; };
		518E823524DAA665002CB679 /* AddCartView.swift in Sources */ = {isa = PBXBuildFile; fileRef = 518E823424DAA665002CB679 /* AddCartView.swift */; };
		518E823724DAA667002CB679 /* Assets.xcassets in Resources */ = {isa = PBXBuildFile; fileRef = 518E823624DAA667002CB679 /* Assets.xcassets */; };
		518E823A24DAA667002CB679 /* Preview Assets.xcassets in Resources */ = {isa = PBXBuildFile; fileRef = 518E823924DAA667002CB679 /* Preview Assets.xcassets */; };
		518E823D24DAA667002CB679 /* LaunchScreen.storyboard in Resources */ = {isa = PBXBuildFile; fileRef = 518E823B24DAA667002CB679 /* LaunchScreen.storyboard */; };
		519F1A50261F4B7A0006566C /* CircleTickShape.swift in Sources */ = {isa = PBXBuildFile; fileRef = 519F1A4F261F4B7A0006566C /* CircleTickShape.swift */; };
		519F1A56261F50FA0006566C /* DownloadButton.swift in Sources */ = {isa = PBXBuildFile; fileRef = 519F1A55261F50FA0006566C /* DownloadButton.swift */; };
		519F1A60261F5C6D0006566C /* Downloader.swift in Sources */ = {isa = PBXBuildFile; fileRef = 519F1A5F261F5C6D0006566C /* Downloader.swift */; };
		51AFB36524DB00AD006840D3 /* CartView.swift in Sources */ = {isa = PBXBuildFile; fileRef = 51AFB36424DB00AD006840D3 /* CartView.swift */; };
		51AFB36724DB1393006840D3 /* ShirtView.swift in Sources */ = {isa = PBXBuildFile; fileRef = 51AFB36624DB1393006840D3 /* ShirtView.swift */; };
		51B885D32503A40B007DFDCA /* CircleLoader.swift in Sources */ = {isa = PBXBuildFile; fileRef = 51B885D22503A40B007DFDCA /* CircleLoader.swift */; };
		51C16C0124E2F7FB006A4BBE /* ArcView.swift in Sources */ = {isa = PBXBuildFile; fileRef = 51C16C0024E2F7FB006A4BBE /* ArcView.swift */; };
		51C16C0424E2F81F006A4BBE /* Arc.swift in Sources */ = {isa = PBXBuildFile; fileRef = 51C16C0324E2F81F006A4BBE /* Arc.swift */; };
		51C8BB1B24E3F6CF00DCE354 /* Circles.swift in Sources */ = {isa = PBXBuildFile; fileRef = 51C8BB1A24E3F6CF00DCE354 /* Circles.swift */; };
		51C8BB1D24E3FC2200DCE354 /* CircleEmitter.swift in Sources */ = {isa = PBXBuildFile; fileRef = 51C8BB1C24E3FC2200DCE354 /* CircleEmitter.swift */; };
		51C8BB2024E4514B00DCE354 /* LoaderView.swift in Sources */ = {isa = PBXBuildFile; fileRef = 51C8BB1F24E4514B00DCE354 /* LoaderView.swift */; };
		51CBD27E250B30770005D9C2 /* PillLoader.swift in Sources */ = {isa = PBXBuildFile; fileRef = 51CBD27D250B30770005D9C2 /* PillLoader.swift */; };
		51CBD281250B69550005D9C2 /* Pill.swift in Sources */ = {isa = PBXBuildFile; fileRef = 51CBD280250B69550005D9C2 /* Pill.swift */; };
		51CBD283250B6C5F0005D9C2 /* PillGroupView.swift in Sources */ = {isa = PBXBuildFile; fileRef = 51CBD282250B6C5F0005D9C2 /* PillGroupView.swift */; };
		51D3E49624F14591004325B5 /* AddView.swift in Sources */ = {isa = PBXBuildFile; fileRef = 51D3E49424F14591004325B5 /* AddView.swift */; };
		51D3E49724F14591004325B5 /* ExpandingView.swift in Sources */ = {isa = PBXBuildFile; fileRef = 51D3E49524F14591004325B5 /* ExpandingView.swift */; };
		51D6273A24E19F2A00BCE1C8 /* WifiView.swift in Sources */ = {isa = PBXBuildFile; fileRef = 51D6273924E19F2A00BCE1C8 /* WifiView.swift */; };
		51DAC7B3250E07E800ECA895 /* ShrinkingCapsule.swift in Sources */ = {isa = PBXBuildFile; fileRef = 51DAC7B2250E07E800ECA895 /* ShrinkingCapsule.swift */; };
		51F6B07F24E81E0300EF840F /* Loader.swift in Sources */ = {isa = PBXBuildFile; fileRef = 51F6B07E24E81E0300EF840F /* Loader.swift */; };
		DAF98EFF25F0D07F0052EDB8 /* SpinningView.swift in Sources */ = {isa = PBXBuildFile; fileRef = DAF98EFE25F0D07F0052EDB8 /* SpinningView.swift */; };
		F30BA967254418B300DC8367 /* LoginView.swift in Sources */ = {isa = PBXBuildFile; fileRef = F30BA966254418B300DC8367 /* LoginView.swift */; };
		F30BA96C25441BED00DC8367 /* Plus.swift in Sources */ = {isa = PBXBuildFile; fileRef = F30BA96B25441BED00DC8367 /* Plus.swift */; };
		F30BA97025441E3200DC8367 /* ShrinkingPlus.swift in Sources */ = {isa = PBXBuildFile; fileRef = F30BA96F25441E3200DC8367 /* ShrinkingPlus.swift */; };
		F30BA973254425E200DC8367 /* RoundedTriangle.swift in Sources */ = {isa = PBXBuildFile; fileRef = F30BA972254425E200DC8367 /* RoundedTriangle.swift */; };
		F30BA9772544606900DC8367 /* SwiftUIView.swift in Sources */ = {isa = PBXBuildFile; fileRef = F30BA9762544606800DC8367 /* SwiftUIView.swift */; };
		F30BA97A2544648400DC8367 /* Bolt.swift in Sources */ = {isa = PBXBuildFile; fileRef = F30BA9792544648400DC8367 /* Bolt.swift */; };
		F30DD1562589E96700864877 /* LightSwitchView.swift in Sources */ = {isa = PBXBuildFile; fileRef = F30DD1552589E96700864877 /* LightSwitchView.swift */; };
		F321C7862578C0D10018C82F /* InfinityView.swift in Sources */ = {isa = PBXBuildFile; fileRef = F321C7852578C0D10018C82F /* InfinityView.swift */; };
		F321C78A2578C1220018C82F /* InfinityShape.swift in Sources */ = {isa = PBXBuildFile; fileRef = F321C7892578C1220018C82F /* InfinityShape.swift */; };
		F3367903256187FB0043EF73 /* BookLoaderView.swift in Sources */ = {isa = PBXBuildFile; fileRef = F3367902256187FB0043EF73 /* BookLoaderView.swift */; };
		F336790825618E3B0043EF73 /* BookHold.swift in Sources */ = {isa = PBXBuildFile; fileRef = F336790725618E3B0043EF73 /* BookHold.swift */; };
		F34DDAB62573E7A2009BAF83 /* Card.swift in Sources */ = {isa = PBXBuildFile; fileRef = F34DDAB52573E7A2009BAF83 /* Card.swift */; };
		F34DDABE2573E814009BAF83 /* CardFrontView.swift in Sources */ = {isa = PBXBuildFile; fileRef = F34DDABD2573E814009BAF83 /* CardFrontView.swift */; };
		F34DDAC22573E859009BAF83 /* CardPatternOneView.swift in Sources */ = {isa = PBXBuildFile; fileRef = F34DDAC12573E859009BAF83 /* CardPatternOneView.swift */; };
		F34DDAC82573E9C5009BAF83 /* CardBackView.swift in Sources */ = {isa = PBXBuildFile; fileRef = F34DDAC72573E9C5009BAF83 /* CardBackView.swift */; };
		F34DDACB2573E9DA009BAF83 /* AppConstants.swift in Sources */ = {isa = PBXBuildFile; fileRef = F34DDACA2573E9DA009BAF83 /* AppConstants.swift */; };
		F34DDAD32573EAD7009BAF83 /* CardView.swift in Sources */ = {isa = PBXBuildFile; fileRef = F34DDAD22573EAD7009BAF83 /* CardView.swift */; };
		F34DDAD82573F158009BAF83 /* SnapCarousel.swift in Sources */ = {isa = PBXBuildFile; fileRef = F34DDAD72573F158009BAF83 /* SnapCarousel.swift */; };
		F3672DF62563864500967A8A /* BookPagesView.swift in Sources */ = {isa = PBXBuildFile; fileRef = F3672DF52563864500967A8A /* BookPagesView.swift */; };
		F36DF4CA258F4CF200BF9AA5 /* LoaderIIView.swift in Sources */ = {isa = PBXBuildFile; fileRef = F36DF4C9258F4CF200BF9AA5 /* LoaderIIView.swift */; };
		F36DF4CE258F4D2600BF9AA5 /* MovingCircleView.swift in Sources */ = {isa = PBXBuildFile; fileRef = F36DF4CD258F4D2600BF9AA5 /* MovingCircleView.swift */; };
		F3714E8E251F528700D627D4 /* FloatingLike.swift in Sources */ = {isa = PBXBuildFile; fileRef = F3714E8D251F528700D627D4 /* FloatingLike.swift */; };
		F3714E94251F8DEB00D627D4 /* HeartImageView.swift in Sources */ = {isa = PBXBuildFile; fileRef = F3714E93251F8DEB00D627D4 /* HeartImageView.swift */; };
		F39D62DF251CF07900BB25D2 /* CapusuleGroupView.swift in Sources */ = {isa = PBXBuildFile; fileRef = F39D62DE251CF07900BB25D2 /* CapusuleGroupView.swift */; };
		F39D62E2251CF2CA00BB25D2 /* LowerCapsuleView.swift in Sources */ = {isa = PBXBuildFile; fileRef = F39D62E1251CF2CA00BB25D2 /* LowerCapsuleView.swift */; };
		F3DA13D12535B9CB005E384E /* IntroView.swift in Sources */ = {isa = PBXBuildFile; fileRef = F3DA13D02535B9CB005E384E /* IntroView.swift */; };
		F3DA13D62535BA02005E384E /* HapticManager.swift in Sources */ = {isa = PBXBuildFile; fileRef = F3DA13D52535BA02005E384E /* HapticManager.swift */; };
		F3DA9AAD252DB1DE00CF2516 /* SubmitView.swift in Sources */ = {isa = PBXBuildFile; fileRef = F3DA9AAC252DB1DE00CF2516 /* SubmitView.swift */; };
		F3DA9AB2252DB4C100CF2516 /* RotatingCircle.swift in Sources */ = {isa = PBXBuildFile; fileRef = F3DA9AB1252DB4C100CF2516 /* RotatingCircle.swift */; };
		F3DAEDC3253629F80067F963 /* GithubLoader.swift in Sources */ = {isa = PBXBuildFile; fileRef = F3DAEDC2253629F80067F963 /* GithubLoader.swift */; };
		F3DAEDC825362A0B0067F963 /* OctocatShape.swift in Sources */ = {isa = PBXBuildFile; fileRef = F3DAEDC725362A0B0067F963 /* OctocatShape.swift */; };
		F3DAEDE3253ABBD70067F963 /* RotatingLoaderView.swift in Sources */ = {isa = PBXBuildFile; fileRef = F3DAEDE2253ABBD60067F963 /* RotatingLoaderView.swift */; };
		F3DAEDE7253B073A0067F963 /* RectangleLoaderView.swift in Sources */ = {isa = PBXBuildFile; fileRef = F3DAEDE6253B07390067F963 /* RectangleLoaderView.swift */; };
		F3DAEDED253B0F220067F963 /* DashedLoaderView.swift in Sources */ = {isa = PBXBuildFile; fileRef = F3DAEDEC253B0F220067F963 /* DashedLoaderView.swift */; };
		F3DAEDF1253B18500067F963 /* DotsLoaderView.swift in Sources */ = {isa = PBXBuildFile; fileRef = F3DAEDF0253B184F0067F963 /* DotsLoaderView.swift */; };
		F3DAEDF4253B23960067F963 /* FlickeringView.swift in Sources */ = {isa = PBXBuildFile; fileRef = F3DAEDF3253B23950067F963 /* FlickeringView.swift */; };
/* End PBXBuildFile section */

/* Begin PBXFileReference section */
		51370C4224EBD59A00103512 /* LoaderState.swift */ = {isa = PBXFileReference; lastKnownFileType = sourcecode.swift; path = LoaderState.swift; sourceTree = "<group>"; };
		51390967250D1FAE000CE14A /* LikeView.swift */ = {isa = PBXFileReference; lastKnownFileType = sourcecode.swift; path = LikeView.swift; sourceTree = "<group>"; };
		5146436F250BCB830046D835 /* WaveFill.swift */ = {isa = PBXFileReference; lastKnownFileType = sourcecode.swift; path = WaveFill.swift; sourceTree = "<group>"; };
		51464371250BD7700046D835 /* PillsDropView.swift */ = {isa = PBXFileReference; lastKnownFileType = sourcecode.swift; path = PillsDropView.swift; sourceTree = "<group>"; };
		51464373250BD8840046D835 /* FillShapes.swift */ = {isa = PBXFileReference; lastKnownFileType = sourcecode.swift; path = FillShapes.swift; sourceTree = "<group>"; };
		515339C626EF3B4F00495622 /* TriangleLoader.swift */ = {isa = PBXFileReference; lastKnownFileType = sourcecode.swift; path = TriangleLoader.swift; sourceTree = "<group>"; };
		515339F626F080B400495622 /* TriangleShape.swift */ = {isa = PBXFileReference; lastKnownFileType = sourcecode.swift; path = TriangleShape.swift; sourceTree = "<group>"; };
		515557E624DE966F0001E523 /* ChatBarView.swift */ = {isa = PBXFileReference; lastKnownFileType = sourcecode.swift; path = ChatBarView.swift; sourceTree = "<group>"; };
		515557E824DEA6050001E523 /* AttachmentButton.swift */ = {isa = PBXFileReference; lastKnownFileType = sourcecode.swift; path = AttachmentButton.swift; sourceTree = "<group>"; };
		515557EB24DEAC350001E523 /* Colors.swift */ = {isa = PBXFileReference; lastKnownFileType = sourcecode.swift; path = Colors.swift; sourceTree = "<group>"; };
		517BFA5D24DC45C100D4F78A /* Triangle.swift */ = {isa = PBXFileReference; lastKnownFileType = sourcecode.swift; path = Triangle.swift; sourceTree = "<group>"; };
		517BFA5F24DC45C800D4F78A /* Tick.swift */ = {isa = PBXFileReference; lastKnownFileType = sourcecode.swift; path = Tick.swift; sourceTree = "<group>"; };
		5184227E262064E40004FA3A /* DownloadingIndicatorView.swift */ = {isa = PBXFileReference; lastKnownFileType = sourcecode.swift; path = DownloadingIndicatorView.swift; sourceTree = "<group>"; };
		5184228226207DE90004FA3A /* DownloadStateView.swift */ = {isa = PBXFileReference; lastKnownFileType = sourcecode.swift; path = DownloadStateView.swift; sourceTree = "<group>"; };
		518E822D24DAA665002CB679 /* SwiftUI-Animations.app */ = {isa = PBXFileReference; explicitFileType = wrapper.application; includeInIndex = 0; path = "SwiftUI-Animations.app"; sourceTree = BUILT_PRODUCTS_DIR; };
		518E823024DAA665002CB679 /* AppDelegate.swift */ = {isa = PBXFileReference; lastKnownFileType = sourcecode.swift; path = AppDelegate.swift; sourceTree = "<group>"; };
		518E823224DAA665002CB679 /* SceneDelegate.swift */ = {isa = PBXFileReference; lastKnownFileType = sourcecode.swift; path = SceneDelegate.swift; sourceTree = "<group>"; };
		518E823424DAA665002CB679 /* AddCartView.swift */ = {isa = PBXFileReference; lastKnownFileType = sourcecode.swift; path = AddCartView.swift; sourceTree = "<group>"; };
		518E823624DAA667002CB679 /* Assets.xcassets */ = {isa = PBXFileReference; lastKnownFileType = folder.assetcatalog; path = Assets.xcassets; sourceTree = "<group>"; };
		518E823924DAA667002CB679 /* Preview Assets.xcassets */ = {isa = PBXFileReference; lastKnownFileType = folder.assetcatalog; path = "Preview Assets.xcassets"; sourceTree = "<group>"; };
		518E823C24DAA667002CB679 /* Base */ = {isa = PBXFileReference; lastKnownFileType = file.storyboard; name = Base; path = Base.lproj/LaunchScreen.storyboard; sourceTree = "<group>"; };
		518E823E24DAA667002CB679 /* Info.plist */ = {isa = PBXFileReference; lastKnownFileType = text.plist.xml; path = Info.plist; sourceTree = "<group>"; };
		519F1A4F261F4B7A0006566C /* CircleTickShape.swift */ = {isa = PBXFileReference; lastKnownFileType = sourcecode.swift; path = CircleTickShape.swift; sourceTree = "<group>"; };
		519F1A55261F50FA0006566C /* DownloadButton.swift */ = {isa = PBXFileReference; lastKnownFileType = sourcecode.swift; path = DownloadButton.swift; sourceTree = "<group>"; };
		519F1A5F261F5C6D0006566C /* Downloader.swift */ = {isa = PBXFileReference; lastKnownFileType = sourcecode.swift; path = Downloader.swift; sourceTree = "<group>"; };
		51AFB36424DB00AD006840D3 /* CartView.swift */ = {isa = PBXFileReference; lastKnownFileType = sourcecode.swift; path = CartView.swift; sourceTree = "<group>"; };
		51AFB36624DB1393006840D3 /* ShirtView.swift */ = {isa = PBXFileReference; lastKnownFileType = sourcecode.swift; path = ShirtView.swift; sourceTree = "<group>"; };
		51B885D22503A40B007DFDCA /* CircleLoader.swift */ = {isa = PBXFileReference; lastKnownFileType = sourcecode.swift; path = CircleLoader.swift; sourceTree = "<group>"; };
		51C16C0024E2F7FB006A4BBE /* ArcView.swift */ = {isa = PBXFileReference; lastKnownFileType = sourcecode.swift; path = ArcView.swift; sourceTree = "<group>"; };
		51C16C0324E2F81F006A4BBE /* Arc.swift */ = {isa = PBXFileReference; lastKnownFileType = sourcecode.swift; path = Arc.swift; sourceTree = "<group>"; };
		51C8BB1A24E3F6CF00DCE354 /* Circles.swift */ = {isa = PBXFileReference; lastKnownFileType = sourcecode.swift; path = Circles.swift; sourceTree = "<group>"; };
		51C8BB1C24E3FC2200DCE354 /* CircleEmitter.swift */ = {isa = PBXFileReference; lastKnownFileType = sourcecode.swift; path = CircleEmitter.swift; sourceTree = "<group>"; };
		51C8BB1F24E4514B00DCE354 /* LoaderView.swift */ = {isa = PBXFileReference; lastKnownFileType = sourcecode.swift; path = LoaderView.swift; sourceTree = "<group>"; };
		51CBD27D250B30770005D9C2 /* PillLoader.swift */ = {isa = PBXFileReference; lastKnownFileType = sourcecode.swift; path = PillLoader.swift; sourceTree = "<group>"; };
		51CBD280250B69550005D9C2 /* Pill.swift */ = {isa = PBXFileReference; lastKnownFileType = sourcecode.swift; path = Pill.swift; sourceTree = "<group>"; };
		51CBD282250B6C5F0005D9C2 /* PillGroupView.swift */ = {isa = PBXFileReference; lastKnownFileType = sourcecode.swift; path = PillGroupView.swift; sourceTree = "<group>"; };
		51D3E49424F14591004325B5 /* AddView.swift */ = {isa = PBXFileReference; fileEncoding = 4; lastKnownFileType = sourcecode.swift; path = AddView.swift; sourceTree = "<group>"; };
		51D3E49524F14591004325B5 /* ExpandingView.swift */ = {isa = PBXFileReference; fileEncoding = 4; lastKnownFileType = sourcecode.swift; path = ExpandingView.swift; sourceTree = "<group>"; };
		51D6273924E19F2A00BCE1C8 /* WifiView.swift */ = {isa = PBXFileReference; lastKnownFileType = sourcecode.swift; path = WifiView.swift; sourceTree = "<group>"; };
		51DAC7B2250E07E800ECA895 /* ShrinkingCapsule.swift */ = {isa = PBXFileReference; lastKnownFileType = sourcecode.swift; path = ShrinkingCapsule.swift; sourceTree = "<group>"; };
		51F6B07E24E81E0300EF840F /* Loader.swift */ = {isa = PBXFileReference; lastKnownFileType = sourcecode.swift; path = Loader.swift; sourceTree = "<group>"; };
		DAF98EFE25F0D07F0052EDB8 /* SpinningView.swift */ = {isa = PBXFileReference; lastKnownFileType = sourcecode.swift; path = SpinningView.swift; sourceTree = "<group>"; };
		F30BA966254418B300DC8367 /* LoginView.swift */ = {isa = PBXFileReference; lastKnownFileType = sourcecode.swift; path = LoginView.swift; sourceTree = "<group>"; };
		F30BA96B25441BED00DC8367 /* Plus.swift */ = {isa = PBXFileReference; lastKnownFileType = sourcecode.swift; path = Plus.swift; sourceTree = "<group>"; };
		F30BA96F25441E3200DC8367 /* ShrinkingPlus.swift */ = {isa = PBXFileReference; lastKnownFileType = sourcecode.swift; path = ShrinkingPlus.swift; sourceTree = "<group>"; };
		F30BA972254425E200DC8367 /* RoundedTriangle.swift */ = {isa = PBXFileReference; lastKnownFileType = sourcecode.swift; path = RoundedTriangle.swift; sourceTree = "<group>"; };
		F30BA9762544606800DC8367 /* SwiftUIView.swift */ = {isa = PBXFileReference; lastKnownFileType = sourcecode.swift; path = SwiftUIView.swift; sourceTree = "<group>"; };
		F30BA9792544648400DC8367 /* Bolt.swift */ = {isa = PBXFileReference; lastKnownFileType = sourcecode.swift; path = Bolt.swift; sourceTree = "<group>"; };
		F30DD1552589E96700864877 /* LightSwitchView.swift */ = {isa = PBXFileReference; lastKnownFileType = sourcecode.swift; path = LightSwitchView.swift; sourceTree = "<group>"; };
		F321C7852578C0D10018C82F /* InfinityView.swift */ = {isa = PBXFileReference; lastKnownFileType = sourcecode.swift; path = InfinityView.swift; sourceTree = "<group>"; };
		F321C7892578C1220018C82F /* InfinityShape.swift */ = {isa = PBXFileReference; lastKnownFileType = sourcecode.swift; path = InfinityShape.swift; sourceTree = "<group>"; };
		F3367902256187FB0043EF73 /* BookLoaderView.swift */ = {isa = PBXFileReference; lastKnownFileType = sourcecode.swift; path = BookLoaderView.swift; sourceTree = "<group>"; };
		F336790725618E3B0043EF73 /* BookHold.swift */ = {isa = PBXFileReference; lastKnownFileType = sourcecode.swift; path = BookHold.swift; sourceTree = "<group>"; };
		F34DDAB52573E7A2009BAF83 /* Card.swift */ = {isa = PBXFileReference; lastKnownFileType = sourcecode.swift; path = Card.swift; sourceTree = "<group>"; };
		F34DDABD2573E814009BAF83 /* CardFrontView.swift */ = {isa = PBXFileReference; lastKnownFileType = sourcecode.swift; path = CardFrontView.swift; sourceTree = "<group>"; };
		F34DDAC12573E859009BAF83 /* CardPatternOneView.swift */ = {isa = PBXFileReference; lastKnownFileType = sourcecode.swift; path = CardPatternOneView.swift; sourceTree = "<group>"; };
		F34DDAC72573E9C5009BAF83 /* CardBackView.swift */ = {isa = PBXFileReference; lastKnownFileType = sourcecode.swift; path = CardBackView.swift; sourceTree = "<group>"; };
		F34DDACA2573E9DA009BAF83 /* AppConstants.swift */ = {isa = PBXFileReference; lastKnownFileType = sourcecode.swift; path = AppConstants.swift; sourceTree = "<group>"; };
		F34DDAD22573EAD7009BAF83 /* CardView.swift */ = {isa = PBXFileReference; lastKnownFileType = sourcecode.swift; path = CardView.swift; sourceTree = "<group>"; };
		F34DDAD72573F158009BAF83 /* SnapCarousel.swift */ = {isa = PBXFileReference; lastKnownFileType = sourcecode.swift; path = SnapCarousel.swift; sourceTree = "<group>"; };
		F3672DF52563864500967A8A /* BookPagesView.swift */ = {isa = PBXFileReference; lastKnownFileType = sourcecode.swift; path = BookPagesView.swift; sourceTree = "<group>"; };
		F36DF4C9258F4CF200BF9AA5 /* LoaderIIView.swift */ = {isa = PBXFileReference; lastKnownFileType = sourcecode.swift; path = LoaderIIView.swift; sourceTree = "<group>"; };
		F36DF4CD258F4D2600BF9AA5 /* MovingCircleView.swift */ = {isa = PBXFileReference; lastKnownFileType = sourcecode.swift; path = MovingCircleView.swift; sourceTree = "<group>"; };
		F3714E8D251F528700D627D4 /* FloatingLike.swift */ = {isa = PBXFileReference; lastKnownFileType = sourcecode.swift; path = FloatingLike.swift; sourceTree = "<group>"; };
		F3714E93251F8DEB00D627D4 /* HeartImageView.swift */ = {isa = PBXFileReference; lastKnownFileType = sourcecode.swift; path = HeartImageView.swift; sourceTree = "<group>"; };
		F39D62DE251CF07900BB25D2 /* CapusuleGroupView.swift */ = {isa = PBXFileReference; lastKnownFileType = sourcecode.swift; path = CapusuleGroupView.swift; sourceTree = "<group>"; };
		F39D62E1251CF2CA00BB25D2 /* LowerCapsuleView.swift */ = {isa = PBXFileReference; lastKnownFileType = sourcecode.swift; path = LowerCapsuleView.swift; sourceTree = "<group>"; };
		F3DA13D02535B9CB005E384E /* IntroView.swift */ = {isa = PBXFileReference; lastKnownFileType = sourcecode.swift; path = IntroView.swift; sourceTree = "<group>"; };
		F3DA13D52535BA02005E384E /* HapticManager.swift */ = {isa = PBXFileReference; lastKnownFileType = sourcecode.swift; path = HapticManager.swift; sourceTree = "<group>"; };
		F3DA9AAC252DB1DE00CF2516 /* SubmitView.swift */ = {isa = PBXFileReference; lastKnownFileType = sourcecode.swift; path = SubmitView.swift; sourceTree = "<group>"; };
		F3DA9AB1252DB4C100CF2516 /* RotatingCircle.swift */ = {isa = PBXFileReference; lastKnownFileType = sourcecode.swift; path = RotatingCircle.swift; sourceTree = "<group>"; };
		F3DAEDC2253629F80067F963 /* GithubLoader.swift */ = {isa = PBXFileReference; lastKnownFileType = sourcecode.swift; path = GithubLoader.swift; sourceTree = "<group>"; };
		F3DAEDC725362A0B0067F963 /* OctocatShape.swift */ = {isa = PBXFileReference; lastKnownFileType = sourcecode.swift; path = OctocatShape.swift; sourceTree = "<group>"; };
		F3DAEDE2253ABBD60067F963 /* RotatingLoaderView.swift */ = {isa = PBXFileReference; lastKnownFileType = sourcecode.swift; path = RotatingLoaderView.swift; sourceTree = "<group>"; };
		F3DAEDE6253B07390067F963 /* RectangleLoaderView.swift */ = {isa = PBXFileReference; lastKnownFileType = sourcecode.swift; path = RectangleLoaderView.swift; sourceTree = "<group>"; };
		F3DAEDEC253B0F220067F963 /* DashedLoaderView.swift */ = {isa = PBXFileReference; lastKnownFileType = sourcecode.swift; path = DashedLoaderView.swift; sourceTree = "<group>"; };
		F3DAEDF0253B184F0067F963 /* DotsLoaderView.swift */ = {isa = PBXFileReference; lastKnownFileType = sourcecode.swift; path = DotsLoaderView.swift; sourceTree = "<group>"; };
		F3DAEDF3253B23950067F963 /* FlickeringView.swift */ = {isa = PBXFileReference; lastKnownFileType = sourcecode.swift; path = FlickeringView.swift; sourceTree = "<group>"; };
/* End PBXFileReference section */

/* Begin PBXFrameworksBuildPhase section */
		518E822A24DAA665002CB679 /* Frameworks */ = {
			isa = PBXFrameworksBuildPhase;
			buildActionMask = 2147483647;
			files = (
			);
			runOnlyForDeploymentPostprocessing = 0;
		};
/* End PBXFrameworksBuildPhase section */

/* Begin PBXGroup section */
		51390966250D1F97000CE14A /* Like */ = {
			isa = PBXGroup;
			children = (
				51390969250D2381000CE14A /* Support Shapes */,
				51390967250D1FAE000CE14A /* LikeView.swift */,
			);
			path = Like;
			sourceTree = "<group>";
		};
		51390969250D2381000CE14A /* Support Shapes */ = {
			isa = PBXGroup;
			children = (
				51DAC7B2250E07E800ECA895 /* ShrinkingCapsule.swift */,
				F39D62DE251CF07900BB25D2 /* CapusuleGroupView.swift */,
				F39D62E1251CF2CA00BB25D2 /* LowerCapsuleView.swift */,
				F3714E8D251F528700D627D4 /* FloatingLike.swift */,
				F3714E93251F8DEB00D627D4 /* HeartImageView.swift */,
			);
			path = "Support Shapes";
			sourceTree = "<group>";
		};
		515339C526EF3B4500495622 /* TriangleLoader */ = {
			isa = PBXGroup;
			children = (
				515339C826EF3B5100495622 /* Support */,
				515339C626EF3B4F00495622 /* TriangleLoader.swift */,
			);
			path = TriangleLoader;
			sourceTree = "<group>";
		};
		515339C826EF3B5100495622 /* Support */ = {
			isa = PBXGroup;
			children = (
				515339F626F080B400495622 /* TriangleShape.swift */,
			);
			path = Support;
			sourceTree = "<group>";
		};
		515557E524DE963C0001E523 /* ChatBar */ = {
			isa = PBXGroup;
			children = (
				515557E624DE966F0001E523 /* ChatBarView.swift */,
				515557E824DEA6050001E523 /* AttachmentButton.swift */,
			);
			path = ChatBar;
			sourceTree = "<group>";
		};
		515557EA24DEABE40001E523 /* Utils */ = {
			isa = PBXGroup;
			children = (
				515557EB24DEAC350001E523 /* Colors.swift */,
			);
			path = Utils;
			sourceTree = "<group>";
		};
		517BFA5C24DC45B200D4F78A /* SupportShapes */ = {
			isa = PBXGroup;
			children = (
				517BFA5D24DC45C100D4F78A /* Triangle.swift */,
				517BFA5F24DC45C800D4F78A /* Tick.swift */,
			);
			path = SupportShapes;
			sourceTree = "<group>";
		};
		518E822424DAA665002CB679 = {
			isa = PBXGroup;
			children = (
				518E822F24DAA665002CB679 /* SwiftUI-Animations */,
				518E822E24DAA665002CB679 /* Products */,
			);
			sourceTree = "<group>";
		};
		518E822E24DAA665002CB679 /* Products */ = {
			isa = PBXGroup;
			children = (
				518E822D24DAA665002CB679 /* SwiftUI-Animations.app */,
			);
			name = Products;
			sourceTree = "<group>";
		};
		518E822F24DAA665002CB679 /* SwiftUI-Animations */ = {
			isa = PBXGroup;
			children = (
				F3DA13CF2535B9AE005E384E /* Assets */,
				F3DA13CB2535B962005E384E /* Code */,
				518E823024DAA665002CB679 /* AppDelegate.swift */,
				518E823224DAA665002CB679 /* SceneDelegate.swift */,
				518E823E24DAA667002CB679 /* Info.plist */,
			);
			path = "SwiftUI-Animations";
			sourceTree = "<group>";
		};
		518E823824DAA667002CB679 /* Preview Content */ = {
			isa = PBXGroup;
			children = (
				518E823924DAA667002CB679 /* Preview Assets.xcassets */,
			);
			path = "Preview Content";
			sourceTree = "<group>";
		};
		519D13F824E1766400ECF0B6 /* Wifi */ = {
			isa = PBXGroup;
			children = (
				51C16C0224E2F80C006A4BBE /* Support Shapes */,
				51D6273924E19F2A00BCE1C8 /* WifiView.swift */,
				51C16C0024E2F7FB006A4BBE /* ArcView.swift */,
				51C8BB1C24E3FC2200DCE354 /* CircleEmitter.swift */,
			);
			path = Wifi;
			sourceTree = "<group>";
		};
		519F1A49261F4A3F0006566C /* DownloadButton */ = {
			isa = PBXGroup;
			children = (
				519F1A58261F51310006566C /* Model */,
				519F1A52261F4B7F0006566C /* Support */,
				519F1A55261F50FA0006566C /* DownloadButton.swift */,
				5184228226207DE90004FA3A /* DownloadStateView.swift */,
			);
			path = DownloadButton;
			sourceTree = "<group>";
		};
		519F1A52261F4B7F0006566C /* Support */ = {
			isa = PBXGroup;
			children = (
				519F1A4F261F4B7A0006566C /* CircleTickShape.swift */,
				5184227E262064E40004FA3A /* DownloadingIndicatorView.swift */,
			);
			path = Support;
			sourceTree = "<group>";
		};
		519F1A58261F51310006566C /* Model */ = {
			isa = PBXGroup;
			children = (
				519F1A5F261F5C6D0006566C /* Downloader.swift */,
			);
			path = Model;
			sourceTree = "<group>";
		};
		51AFB36324DB0096006840D3 /* Cart */ = {
			isa = PBXGroup;
			children = (
				517BFA5C24DC45B200D4F78A /* SupportShapes */,
				518E823424DAA665002CB679 /* AddCartView.swift */,
				51AFB36424DB00AD006840D3 /* CartView.swift */,
				51AFB36624DB1393006840D3 /* ShirtView.swift */,
			);
			path = Cart;
			sourceTree = "<group>";
		};
		51B885D12503A3FC007DFDCA /* CircleLoader */ = {
			isa = PBXGroup;
			children = (
				51B885D22503A40B007DFDCA /* CircleLoader.swift */,
			);
			path = CircleLoader;
			sourceTree = "<group>";
		};
		51C16C0224E2F80C006A4BBE /* Support Shapes */ = {
			isa = PBXGroup;
			children = (
				51C16C0324E2F81F006A4BBE /* Arc.swift */,
				51C8BB1A24E3F6CF00DCE354 /* Circles.swift */,
			);
			path = "Support Shapes";
			sourceTree = "<group>";
		};
		51C8BB1E24E4513A00DCE354 /* Loader */ = {
			isa = PBXGroup;
			children = (
				51F6B07D24E81DE200EF840F /* Support Shapes */,
				51C8BB1F24E4514B00DCE354 /* LoaderView.swift */,
				51370C4224EBD59A00103512 /* LoaderState.swift */,
			);
			path = Loader;
			sourceTree = "<group>";
		};
		51CBD27C250B30650005D9C2 /* PillLoader */ = {
			isa = PBXGroup;
			children = (
				51CBD27F250B694A0005D9C2 /* Support Shapes */,
				51CBD27D250B30770005D9C2 /* PillLoader.swift */,
			);
			path = PillLoader;
			sourceTree = "<group>";
		};
		51CBD27F250B694A0005D9C2 /* Support Shapes */ = {
			isa = PBXGroup;
			children = (
				51CBD280250B69550005D9C2 /* Pill.swift */,
				51CBD282250B6C5F0005D9C2 /* PillGroupView.swift */,
				51464371250BD7700046D835 /* PillsDropView.swift */,
				5146436F250BCB830046D835 /* WaveFill.swift */,
				51464373250BD8840046D835 /* FillShapes.swift */,
			);
			path = "Support Shapes";
			sourceTree = "<group>";
		};
		51D3E49324F14591004325B5 /* AddView */ = {
			isa = PBXGroup;
			children = (
				51D3E49424F14591004325B5 /* AddView.swift */,
				51D3E49524F14591004325B5 /* ExpandingView.swift */,
			);
			path = AddView;
			sourceTree = "<group>";
		};
		51F6B07D24E81DE200EF840F /* Support Shapes */ = {
			isa = PBXGroup;
			children = (
				51F6B07E24E81E0300EF840F /* Loader.swift */,
			);
			path = "Support Shapes";
			sourceTree = "<group>";
		};
		DAF98EF725F0D05B0052EDB8 /* SpinningLoader */ = {
			isa = PBXGroup;
			children = (
				DAF98EFE25F0D07F0052EDB8 /* SpinningView.swift */,
			);
			path = SpinningLoader;
			sourceTree = "<group>";
		};
		F30BA964254418A400DC8367 /* LoginView */ = {
			isa = PBXGroup;
			children = (
				F30BA96A25441BE100DC8367 /* Support Shapes */,
				F30BA966254418B300DC8367 /* LoginView.swift */,
			);
			path = LoginView;
			sourceTree = "<group>";
		};
		F30BA96A25441BE100DC8367 /* Support Shapes */ = {
			isa = PBXGroup;
			children = (
				F30BA96B25441BED00DC8367 /* Plus.swift */,
				F30BA9792544648400DC8367 /* Bolt.swift */,
				F30BA96F25441E3200DC8367 /* ShrinkingPlus.swift */,
				F30BA972254425E200DC8367 /* RoundedTriangle.swift */,
				F30BA9762544606800DC8367 /* SwiftUIView.swift */,
			);
			path = "Support Shapes";
			sourceTree = "<group>";
		};
		F30DD14F2589E94D00864877 /* LightSwitch */ = {
			isa = PBXGroup;
			children = (
				F30DD1552589E96700864877 /* LightSwitchView.swift */,
			);
			path = LightSwitch;
			sourceTree = "<group>";
		};
		F321C7832578C0B00018C82F /* InfinityLoader */ = {
			isa = PBXGroup;
			children = (
				F321C7882578C10B0018C82F /* Support Shapes */,
				F321C7852578C0D10018C82F /* InfinityView.swift */,
			);
			path = InfinityLoader;
			sourceTree = "<group>";
		};
		F321C7882578C10B0018C82F /* Support Shapes */ = {
			isa = PBXGroup;
			children = (
				F321C7892578C1220018C82F /* InfinityShape.swift */,
			);
			path = "Support Shapes";
			sourceTree = "<group>";
		};
		F3367901256187ED0043EF73 /* BookLoader */ = {
			isa = PBXGroup;
			children = (
				F336790625618E250043EF73 /* Support Shapes */,
				F3367902256187FB0043EF73 /* BookLoaderView.swift */,
				F3672DF52563864500967A8A /* BookPagesView.swift */,
			);
			path = BookLoader;
			sourceTree = "<group>";
		};
		F336790625618E250043EF73 /* Support Shapes */ = {
			isa = PBXGroup;
			children = (
				F336790725618E3B0043EF73 /* BookHold.swift */,
			);
			path = "Support Shapes";
			sourceTree = "<group>";
		};
		F34DDAB12573E6FC009BAF83 /* Bank Card */ = {
			isa = PBXGroup;
			children = (
				F34DDAC02573E84A009BAF83 /* Support Shapes */,
				F34DDAB32573E798009BAF83 /* Model */,
				F34DDAD22573EAD7009BAF83 /* CardView.swift */,
				F34DDABD2573E814009BAF83 /* CardFrontView.swift */,
				F34DDAC72573E9C5009BAF83 /* CardBackView.swift */,
			);
			path = "Bank Card";
			sourceTree = "<group>";
		};
		F34DDAB32573E798009BAF83 /* Model */ = {
			isa = PBXGroup;
			children = (
				F34DDAB52573E7A2009BAF83 /* Card.swift */,
				F34DDACA2573E9DA009BAF83 /* AppConstants.swift */,
			);
			path = Model;
			sourceTree = "<group>";
		};
		F34DDAC02573E84A009BAF83 /* Support Shapes */ = {
			isa = PBXGroup;
			children = (
				F34DDAC12573E859009BAF83 /* CardPatternOneView.swift */,
				F34DDAD72573F158009BAF83 /* SnapCarousel.swift */,
			);
			path = "Support Shapes";
			sourceTree = "<group>";
		};
		F36DF4C8258F4CDA00BF9AA5 /* Loader2 */ = {
			isa = PBXGroup;
			children = (
				F36DF4CC258F4D1100BF9AA5 /* Support Shapes */,
				F36DF4C9258F4CF200BF9AA5 /* LoaderIIView.swift */,
			);
			path = Loader2;
			sourceTree = "<group>";
		};
		F36DF4CC258F4D1100BF9AA5 /* Support Shapes */ = {
			isa = PBXGroup;
			children = (
				F36DF4CD258F4D2600BF9AA5 /* MovingCircleView.swift */,
			);
			path = "Support Shapes";
			sourceTree = "<group>";
		};
		F3DA13CB2535B962005E384E /* Code */ = {
			isa = PBXGroup;
			children = (
				F3DA13CE2535B993005E384E /* Animations */,
				F3DA13CC2535B96B005E384E /* Modules */,
				F3DA13D42535B9F2005E384E /* Services */,
				515557EA24DEABE40001E523 /* Utils */,
			);
			path = Code;
			sourceTree = "<group>";
		};
		F3DA13CC2535B96B005E384E /* Modules */ = {
			isa = PBXGroup;
			children = (
				F3DA13CD2535B976005E384E /* Home */,
			);
			path = Modules;
			sourceTree = "<group>";
		};
		F3DA13CD2535B976005E384E /* Home */ = {
			isa = PBXGroup;
			children = (
				F3DA13D02535B9CB005E384E /* IntroView.swift */,
			);
			path = Home;
			sourceTree = "<group>";
		};
		F3DA13CE2535B993005E384E /* Animations */ = {
			isa = PBXGroup;
			children = (
				515339C526EF3B4500495622 /* TriangleLoader */,
				519F1A49261F4A3F0006566C /* DownloadButton */,
				DAF98EF725F0D05B0052EDB8 /* SpinningLoader */,
				F36DF4C8258F4CDA00BF9AA5 /* Loader2 */,
				F30DD14F2589E94D00864877 /* LightSwitch */,
				F321C7832578C0B00018C82F /* InfinityLoader */,
				F34DDAB12573E6FC009BAF83 /* Bank Card */,
				F3367901256187ED0043EF73 /* BookLoader */,
				F30BA964254418A400DC8367 /* LoginView */,
				F3DAEDE1253ABBBD0067F963 /* 3dLoader */,
				F3DAEDC1253629E90067F963 /* GithubLoader */,
				F3DA9AAB252DB1D200CF2516 /* SubmitView */,
				51390966250D1F97000CE14A /* Like */,
				51CBD27C250B30650005D9C2 /* PillLoader */,
				51B885D12503A3FC007DFDCA /* CircleLoader */,
				51D3E49324F14591004325B5 /* AddView */,
				51C8BB1E24E4513A00DCE354 /* Loader */,
				519D13F824E1766400ECF0B6 /* Wifi */,
				515557E524DE963C0001E523 /* ChatBar */,
				51AFB36324DB0096006840D3 /* Cart */,
			);
			path = Animations;
			sourceTree = "<group>";
		};
		F3DA13CF2535B9AE005E384E /* Assets */ = {
			isa = PBXGroup;
			children = (
				518E823624DAA667002CB679 /* Assets.xcassets */,
				518E823B24DAA667002CB679 /* LaunchScreen.storyboard */,
				518E823824DAA667002CB679 /* Preview Content */,
			);
			path = Assets;
			sourceTree = "<group>";
		};
		F3DA13D42535B9F2005E384E /* Services */ = {
			isa = PBXGroup;
			children = (
				F3DA13D52535BA02005E384E /* HapticManager.swift */,
			);
			path = Services;
			sourceTree = "<group>";
		};
		F3DA9AAB252DB1D200CF2516 /* SubmitView */ = {
			isa = PBXGroup;
			children = (
				F3DA9AB0252DB4B000CF2516 /* Support Shapes */,
				F3DA9AAC252DB1DE00CF2516 /* SubmitView.swift */,
			);
			path = SubmitView;
			sourceTree = "<group>";
		};
		F3DA9AB0252DB4B000CF2516 /* Support Shapes */ = {
			isa = PBXGroup;
			children = (
				F3DA9AB1252DB4C100CF2516 /* RotatingCircle.swift */,
			);
			path = "Support Shapes";
			sourceTree = "<group>";
		};
		F3DAEDC1253629E90067F963 /* GithubLoader */ = {
			isa = PBXGroup;
			children = (
				F3DAEDC6253629FE0067F963 /* Support Shapes */,
				F3DAEDC2253629F80067F963 /* GithubLoader.swift */,
			);
			path = GithubLoader;
			sourceTree = "<group>";
		};
		F3DAEDC6253629FE0067F963 /* Support Shapes */ = {
			isa = PBXGroup;
			children = (
				F3DAEDC725362A0B0067F963 /* OctocatShape.swift */,
			);
			path = "Support Shapes";
			sourceTree = "<group>";
		};
		F3DAEDE1253ABBBD0067F963 /* 3dLoader */ = {
			isa = PBXGroup;
			children = (
				F3DAEDE9253B07400067F963 /* Support Shapes */,
				F3DAEDE2253ABBD60067F963 /* RotatingLoaderView.swift */,
			);
			path = 3dLoader;
			sourceTree = "<group>";
		};
		F3DAEDE9253B07400067F963 /* Support Shapes */ = {
			isa = PBXGroup;
			children = (
				F3DAEDE6253B07390067F963 /* RectangleLoaderView.swift */,
				F3DAEDEC253B0F220067F963 /* DashedLoaderView.swift */,
				F3DAEDF0253B184F0067F963 /* DotsLoaderView.swift */,
				F3DAEDF3253B23950067F963 /* FlickeringView.swift */,
			);
			path = "Support Shapes";
			sourceTree = "<group>";
		};
/* End PBXGroup section */

/* Begin PBXNativeTarget section */
		518E822C24DAA665002CB679 /* SwiftUI-Animations */ = {
			isa = PBXNativeTarget;
			buildConfigurationList = 518E824124DAA667002CB679 /* Build configuration list for PBXNativeTarget "SwiftUI-Animations" */;
			buildPhases = (
				518E822924DAA665002CB679 /* Sources */,
				518E822A24DAA665002CB679 /* Frameworks */,
				518E822B24DAA665002CB679 /* Resources */,
			);
			buildRules = (
			);
			dependencies = (
			);
			name = "SwiftUI-Animations";
			productName = "SwiftUI-Animations";
			productReference = 518E822D24DAA665002CB679 /* SwiftUI-Animations.app */;
			productType = "com.apple.product-type.application";
		};
/* End PBXNativeTarget section */

/* Begin PBXProject section */
		518E822524DAA665002CB679 /* Project object */ = {
			isa = PBXProject;
			attributes = {
				LastSwiftUpdateCheck = 1160;
				LastUpgradeCheck = 1160;
				ORGANIZATIONNAME = "Shubham Singh";
				TargetAttributes = {
					518E822C24DAA665002CB679 = {
						CreatedOnToolsVersion = 11.6;
					};
				};
			};
			buildConfigurationList = 518E822824DAA665002CB679 /* Build configuration list for PBXProject "SwiftUI-Animations" */;
			compatibilityVersion = "Xcode 9.3";
			developmentRegion = en;
			hasScannedForEncodings = 0;
			knownRegions = (
				en,
				Base,
			);
			mainGroup = 518E822424DAA665002CB679;
			productRefGroup = 518E822E24DAA665002CB679 /* Products */;
			projectDirPath = "";
			projectRoot = "";
			targets = (
				518E822C24DAA665002CB679 /* SwiftUI-Animations */,
			);
		};
/* End PBXProject section */

/* Begin PBXResourcesBuildPhase section */
		518E822B24DAA665002CB679 /* Resources */ = {
			isa = PBXResourcesBuildPhase;
			buildActionMask = 2147483647;
			files = (
				518E823D24DAA667002CB679 /* LaunchScreen.storyboard in Resources */,
				518E823A24DAA667002CB679 /* Preview Assets.xcassets in Resources */,
				518E823724DAA667002CB679 /* Assets.xcassets in Resources */,
			);
			runOnlyForDeploymentPostprocessing = 0;
		};
/* End PBXResourcesBuildPhase section */

/* Begin PBXSourcesBuildPhase section */
		518E822924DAA665002CB679 /* Sources */ = {
			isa = PBXSourcesBuildPhase;
			buildActionMask = 2147483647;
			files = (
				F34DDAC22573E859009BAF83 /* CardPatternOneView.swift in Sources */,
				F3DAEDF4253B23960067F963 /* FlickeringView.swift in Sources */,
				518E823124DAA665002CB679 /* AppDelegate.swift in Sources */,
				51464374250BD8840046D835 /* FillShapes.swift in Sources */,
				F30BA967254418B300DC8367 /* LoginView.swift in Sources */,
				51C8BB1B24E3F6CF00DCE354 /* Circles.swift in Sources */,
				51C8BB1D24E3FC2200DCE354 /* CircleEmitter.swift in Sources */,
				F3DA9AAD252DB1DE00CF2516 /* SubmitView.swift in Sources */,
				F30BA973254425E200DC8367 /* RoundedTriangle.swift in Sources */,
				F34DDAD82573F158009BAF83 /* SnapCarousel.swift in Sources */,
				F3DA13D62535BA02005E384E /* HapticManager.swift in Sources */,
				5184228326207DE90004FA3A /* DownloadStateView.swift in Sources */,
				F3367903256187FB0043EF73 /* BookLoaderView.swift in Sources */,
				F3DA13D12535B9CB005E384E /* IntroView.swift in Sources */,
				F336790825618E3B0043EF73 /* BookHold.swift in Sources */,
				51D3E49724F14591004325B5 /* ExpandingView.swift in Sources */,
				51D6273A24E19F2A00BCE1C8 /* WifiView.swift in Sources */,
				F3714E8E251F528700D627D4 /* FloatingLike.swift in Sources */,
				F3DAEDC3253629F80067F963 /* GithubLoader.swift in Sources */,
				515557EC24DEAC350001E523 /* Colors.swift in Sources */,
				F30DD1562589E96700864877 /* LightSwitchView.swift in Sources */,
				F30BA97025441E3200DC8367 /* ShrinkingPlus.swift in Sources */,
				5184227F262064E40004FA3A /* DownloadingIndicatorView.swift in Sources */,
				515557E924DEA6050001E523 /* AttachmentButton.swift in Sources */,
				51CBD283250B6C5F0005D9C2 /* PillGroupView.swift in Sources */,
				F30BA97A2544648400DC8367 /* Bolt.swift in Sources */,
				F3DA9AB2252DB4C100CF2516 /* RotatingCircle.swift in Sources */,
				F3DAEDE3253ABBD70067F963 /* RotatingLoaderView.swift in Sources */,
				51464370250BCB830046D835 /* WaveFill.swift in Sources */,
				51C16C0424E2F81F006A4BBE /* Arc.swift in Sources */,
				517BFA6024DC45C800D4F78A /* Tick.swift in Sources */,
				F3DAEDF1253B18500067F963 /* DotsLoaderView.swift in Sources */,
				F34DDACB2573E9DA009BAF83 /* AppConstants.swift in Sources */,
				F36DF4CE258F4D2600BF9AA5 /* MovingCircleView.swift in Sources */,
				F3DAEDC825362A0B0067F963 /* OctocatShape.swift in Sources */,
				51AFB36724DB1393006840D3 /* ShirtView.swift in Sources */,
				518E823324DAA665002CB679 /* SceneDelegate.swift in Sources */,
				F3672DF62563864500967A8A /* BookPagesView.swift in Sources */,
				51D3E49624F14591004325B5 /* AddView.swift in Sources */,
				F321C78A2578C1220018C82F /* InfinityShape.swift in Sources */,
				F321C7862578C0D10018C82F /* InfinityView.swift in Sources */,
				51F6B07F24E81E0300EF840F /* Loader.swift in Sources */,
				515557E724DE966F0001E523 /* ChatBarView.swift in Sources */,
				F3714E94251F8DEB00D627D4 /* HeartImageView.swift in Sources */,
				519F1A56261F50FA0006566C /* DownloadButton.swift in Sources */,
				515339F726F080B400495622 /* TriangleShape.swift in Sources */,
				517BFA5E24DC45C100D4F78A /* Triangle.swift in Sources */,
				F39D62E2251CF2CA00BB25D2 /* LowerCapsuleView.swift in Sources */,
				DAF98EFF25F0D07F0052EDB8 /* SpinningView.swift in Sources */,
				F34DDAB62573E7A2009BAF83 /* Card.swift in Sources */,
				F30BA96C25441BED00DC8367 /* Plus.swift in Sources */,
				51CBD27E250B30770005D9C2 /* PillLoader.swift in Sources */,
				F39D62DF251CF07900BB25D2 /* CapusuleGroupView.swift in Sources */,
				515339C726EF3B4F00495622 /* TriangleLoader.swift in Sources */,
				519F1A60261F5C6D0006566C /* Downloader.swift in Sources */,
				F30BA9772544606900DC8367 /* SwiftUIView.swift in Sources */,
				F34DDABE2573E814009BAF83 /* CardFrontView.swift in Sources */,
				F36DF4CA258F4CF200BF9AA5 /* LoaderIIView.swift in Sources */,
				51B885D32503A40B007DFDCA /* CircleLoader.swift in Sources */,
				51390968250D1FAE000CE14A /* LikeView.swift in Sources */,
				519F1A50261F4B7A0006566C /* CircleTickShape.swift in Sources */,
				F3DAEDE7253B073A0067F963 /* RectangleLoaderView.swift in Sources */,
				51DAC7B3250E07E800ECA895 /* ShrinkingCapsule.swift in Sources */,
				51C16C0124E2F7FB006A4BBE /* ArcView.swift in Sources */,
				F34DDAD32573EAD7009BAF83 /* CardView.swift in Sources */,
				51370C4324EBD59A00103512 /* LoaderState.swift in Sources */,
				51C8BB2024E4514B00DCE354 /* LoaderView.swift in Sources */,
				51CBD281250B69550005D9C2 /* Pill.swift in Sources */,
				51AFB36524DB00AD006840D3 /* CartView.swift in Sources */,
				F34DDAC82573E9C5009BAF83 /* CardBackView.swift in Sources */,
				51464372250BD7700046D835 /* PillsDropView.swift in Sources */,
				518E823524DAA665002CB679 /* AddCartView.swift in Sources */,
				F3DAEDED253B0F220067F963 /* DashedLoaderView.swift in Sources */,
			);
			runOnlyForDeploymentPostprocessing = 0;
		};
/* End PBXSourcesBuildPhase section */

/* Begin PBXVariantGroup section */
		518E823B24DAA667002CB679 /* LaunchScreen.storyboard */ = {
			isa = PBXVariantGroup;
			children = (
				518E823C24DAA667002CB679 /* Base */,
			);
			name = LaunchScreen.storyboard;
			sourceTree = "<group>";
		};
/* End PBXVariantGroup section */

/* Begin XCBuildConfiguration section */
		518E823F24DAA667002CB679 /* Debug */ = {
			isa = XCBuildConfiguration;
			buildSettings = {
				ALWAYS_SEARCH_USER_PATHS = NO;
				CLANG_ANALYZER_NONNULL = YES;
				CLANG_ANALYZER_NUMBER_OBJECT_CONVERSION = YES_AGGRESSIVE;
				CLANG_CXX_LANGUAGE_STANDARD = "gnu++14";
				CLANG_CXX_LIBRARY = "libc++";
				CLANG_ENABLE_MODULES = YES;
				CLANG_ENABLE_OBJC_ARC = YES;
				CLANG_ENABLE_OBJC_WEAK = YES;
				CLANG_WARN_BLOCK_CAPTURE_AUTORELEASING = YES;
				CLANG_WARN_BOOL_CONVERSION = YES;
				CLANG_WARN_COMMA = YES;
				CLANG_WARN_CONSTANT_CONVERSION = YES;
				CLANG_WARN_DEPRECATED_OBJC_IMPLEMENTATIONS = YES;
				CLANG_WARN_DIRECT_OBJC_ISA_USAGE = YES_ERROR;
				CLANG_WARN_DOCUMENTATION_COMMENTS = YES;
				CLANG_WARN_EMPTY_BODY = YES;
				CLANG_WARN_ENUM_CONVERSION = YES;
				CLANG_WARN_INFINITE_RECURSION = YES;
				CLANG_WARN_INT_CONVERSION = YES;
				CLANG_WARN_NON_LITERAL_NULL_CONVERSION = YES;
				CLANG_WARN_OBJC_IMPLICIT_RETAIN_SELF = YES;
				CLANG_WARN_OBJC_LITERAL_CONVERSION = YES;
				CLANG_WARN_OBJC_ROOT_CLASS = YES_ERROR;
				CLANG_WARN_RANGE_LOOP_ANALYSIS = YES;
				CLANG_WARN_STRICT_PROTOTYPES = YES;
				CLANG_WARN_SUSPICIOUS_MOVE = YES;
				CLANG_WARN_UNGUARDED_AVAILABILITY = YES_AGGRESSIVE;
				CLANG_WARN_UNREACHABLE_CODE = YES;
				CLANG_WARN__DUPLICATE_METHOD_MATCH = YES;
				COPY_PHASE_STRIP = NO;
				DEBUG_INFORMATION_FORMAT = dwarf;
				ENABLE_STRICT_OBJC_MSGSEND = YES;
				ENABLE_TESTABILITY = YES;
				GCC_C_LANGUAGE_STANDARD = gnu11;
				GCC_DYNAMIC_NO_PIC = NO;
				GCC_NO_COMMON_BLOCKS = YES;
				GCC_OPTIMIZATION_LEVEL = 0;
				GCC_PREPROCESSOR_DEFINITIONS = (
					"DEBUG=1",
					"$(inherited)",
				);
				GCC_WARN_64_TO_32_BIT_CONVERSION = YES;
				GCC_WARN_ABOUT_RETURN_TYPE = YES_ERROR;
				GCC_WARN_UNDECLARED_SELECTOR = YES;
				GCC_WARN_UNINITIALIZED_AUTOS = YES_AGGRESSIVE;
				GCC_WARN_UNUSED_FUNCTION = YES;
				GCC_WARN_UNUSED_VARIABLE = YES;
				IPHONEOS_DEPLOYMENT_TARGET = 13.6;
				MTL_ENABLE_DEBUG_INFO = INCLUDE_SOURCE;
				MTL_FAST_MATH = YES;
				ONLY_ACTIVE_ARCH = YES;
				SDKROOT = iphoneos;
				SWIFT_ACTIVE_COMPILATION_CONDITIONS = DEBUG;
				SWIFT_OPTIMIZATION_LEVEL = "-Onone";
			};
			name = Debug;
		};
		518E824024DAA667002CB679 /* Release */ = {
			isa = XCBuildConfiguration;
			buildSettings = {
				ALWAYS_SEARCH_USER_PATHS = NO;
				CLANG_ANALYZER_NONNULL = YES;
				CLANG_ANALYZER_NUMBER_OBJECT_CONVERSION = YES_AGGRESSIVE;
				CLANG_CXX_LANGUAGE_STANDARD = "gnu++14";
				CLANG_CXX_LIBRARY = "libc++";
				CLANG_ENABLE_MODULES = YES;
				CLANG_ENABLE_OBJC_ARC = YES;
				CLANG_ENABLE_OBJC_WEAK = YES;
				CLANG_WARN_BLOCK_CAPTURE_AUTORELEASING = YES;
				CLANG_WARN_BOOL_CONVERSION = YES;
				CLANG_WARN_COMMA = YES;
				CLANG_WARN_CONSTANT_CONVERSION = YES;
				CLANG_WARN_DEPRECATED_OBJC_IMPLEMENTATIONS = YES;
				CLANG_WARN_DIRECT_OBJC_ISA_USAGE = YES_ERROR;
				CLANG_WARN_DOCUMENTATION_COMMENTS = YES;
				CLANG_WARN_EMPTY_BODY = YES;
				CLANG_WARN_ENUM_CONVERSION = YES;
				CLANG_WARN_INFINITE_RECURSION = YES;
				CLANG_WARN_INT_CONVERSION = YES;
				CLANG_WARN_NON_LITERAL_NULL_CONVERSION = YES;
				CLANG_WARN_OBJC_IMPLICIT_RETAIN_SELF = YES;
				CLANG_WARN_OBJC_LITERAL_CONVERSION = YES;
				CLANG_WARN_OBJC_ROOT_CLASS = YES_ERROR;
				CLANG_WARN_RANGE_LOOP_ANALYSIS = YES;
				CLANG_WARN_STRICT_PROTOTYPES = YES;
				CLANG_WARN_SUSPICIOUS_MOVE = YES;
				CLANG_WARN_UNGUARDED_AVAILABILITY = YES_AGGRESSIVE;
				CLANG_WARN_UNREACHABLE_CODE = YES;
				CLANG_WARN__DUPLICATE_METHOD_MATCH = YES;
				COPY_PHASE_STRIP = NO;
				DEBUG_INFORMATION_FORMAT = "dwarf-with-dsym";
				ENABLE_NS_ASSERTIONS = NO;
				ENABLE_STRICT_OBJC_MSGSEND = YES;
				GCC_C_LANGUAGE_STANDARD = gnu11;
				GCC_NO_COMMON_BLOCKS = YES;
				GCC_WARN_64_TO_32_BIT_CONVERSION = YES;
				GCC_WARN_ABOUT_RETURN_TYPE = YES_ERROR;
				GCC_WARN_UNDECLARED_SELECTOR = YES;
				GCC_WARN_UNINITIALIZED_AUTOS = YES_AGGRESSIVE;
				GCC_WARN_UNUSED_FUNCTION = YES;
				GCC_WARN_UNUSED_VARIABLE = YES;
				IPHONEOS_DEPLOYMENT_TARGET = 13.6;
				MTL_ENABLE_DEBUG_INFO = NO;
				MTL_FAST_MATH = YES;
				SDKROOT = iphoneos;
				SWIFT_COMPILATION_MODE = wholemodule;
				SWIFT_OPTIMIZATION_LEVEL = "-O";
				VALIDATE_PRODUCT = YES;
			};
			name = Release;
		};
		518E824224DAA667002CB679 /* Debug */ = {
			isa = XCBuildConfiguration;
			buildSettings = {
				ASSETCATALOG_COMPILER_APPICON_NAME = AppIcon;
				CODE_SIGN_STYLE = Automatic;
				DEVELOPMENT_ASSET_PATHS = "\"SwiftUI-Animations/Assets/Preview Content\"";
				DEVELOPMENT_TEAM = VXZ7XFH447;
				ENABLE_PREVIEWS = YES;
				INFOPLIST_FILE = "SwiftUI-Animations/Info.plist";
				IPHONEOS_DEPLOYMENT_TARGET = 14.0;
				LD_RUNPATH_SEARCH_PATHS = (
					"$(inherited)",
					"@executable_path/Frameworks",
				);
				PRODUCT_BUNDLE_IDENTIFIER = "com.shubham.iosDev.SwiftUI-Animation";
				PRODUCT_NAME = "$(TARGET_NAME)";
				SWIFT_VERSION = 5.0;
				TARGETED_DEVICE_FAMILY = "1,2";
			};
			name = Debug;
		};
		518E824324DAA667002CB679 /* Release */ = {
			isa = XCBuildConfiguration;
			buildSettings = {
				ASSETCATALOG_COMPILER_APPICON_NAME = AppIcon;
				CODE_SIGN_STYLE = Automatic;
				DEVELOPMENT_ASSET_PATHS = "\"SwiftUI-Animations/Assets/Preview Content\"";
				DEVELOPMENT_TEAM = VXZ7XFH447;
				ENABLE_PREVIEWS = YES;
				INFOPLIST_FILE = "SwiftUI-Animations/Info.plist";
				IPHONEOS_DEPLOYMENT_TARGET = 14.0;
				LD_RUNPATH_SEARCH_PATHS = (
					"$(inherited)",
					"@executable_path/Frameworks",
				);
				PRODUCT_BUNDLE_IDENTIFIER = "com.shubham.iosDev.SwiftUI-Animation";
				PRODUCT_NAME = "$(TARGET_NAME)";
				SWIFT_VERSION = 5.0;
				TARGETED_DEVICE_FAMILY = "1,2";
			};
			name = Release;
		};
/* End XCBuildConfiguration section */

/* Begin XCConfigurationList section */
		518E822824DAA665002CB679 /* Build configuration list for PBXProject "SwiftUI-Animations" */ = {
			isa = XCConfigurationList;
			buildConfigurations = (
				518E823F24DAA667002CB679 /* Debug */,
				518E824024DAA667002CB679 /* Release */,
			);
			defaultConfigurationIsVisible = 0;
			defaultConfigurationName = Release;
		};
		518E824124DAA667002CB679 /* Build configuration list for PBXNativeTarget "SwiftUI-Animations" */ = {
			isa = XCConfigurationList;
			buildConfigurations = (
				518E824224DAA667002CB679 /* Debug */,
				518E824324DAA667002CB679 /* Release */,
			);
			defaultConfigurationIsVisible = 0;
			defaultConfigurationName = Release;
		};
/* End XCConfigurationList section */
	};
	rootObject = 518E822524DAA665002CB679 /* Project object */;
}
