// !$*UTF8*$!
{
	archiveVersion = 1;
	classes = {
	};
	objectVersion = 50;
	objects = {

/* Begin PBXBuildFile section */
		51370C4324EBD59A00103512 /* LoaderState.swift in Sources */ = {isa = PBXBuildFile; fileRef = 51370C4224EBD59A00103512 /* LoaderState.swift */; };
		51390968250D1FAE000CE14A /* LikeView.swift in Sources */ = {isa = PBXBuildFile; fileRef = 51390967250D1FAE000CE14A /* LikeView.swift */; };
		51464370250BCB830046D835 /* WaveFill.swift in Sources */ = {isa = PBXBuildFile; fileRef = 5146436F250BCB830046D835 /* WaveFill.swift */; };
		51464372250BD7700046D835 /* PillsDropView.swift in Sources */ = {isa = PBXBuildFile; fileRef = 51464371250BD7700046D835 /* PillsDropView.swift */; };
		51464374250BD8840046D835 /* FillShapes.swift in Sources */ = {isa = PBXBuildFile; fileRef = 51464373250BD8840046D835 /* FillShapes.swift */; };
		515557E724DE966F0001E523 /* ChatBarView.swift in Sources */ = {isa = PBXBuildFile; fileRef = 515557E624DE966F0001E523 /* ChatBarView.swift */; };
		515557E924DEA6050001E523 /* AttachmentButton.swift in Sources */ = {isa = PBXBuildFile; fileRef = 515557E824DEA6050001E523 /* AttachmentButton.swift */; };
		515557EC24DEAC350001E523 /* Colors.swift in Sources */ = {isa = PBXBuildFile; fileRef = 515557EB24DEAC350001E523 /* Colors.swift */; };
		517BFA5E24DC45C100D4F78A /* Triangle.swift in Sources */ = {isa = PBXBuildFile; fileRef = 517BFA5D24DC45C100D4F78A /* Triangle.swift */; };
		517BFA6024DC45C800D4F78A /* Tick.swift in Sources */ = {isa = PBXBuildFile; fileRef = 517BFA5F24DC45C800D4F78A /* Tick.swift */; };
		518E823124DAA665002CB679 /* AppDelegate.swift in Sources */ = {isa = PBXBuildFile; fileRef = 518E823024DAA665002CB679 /* AppDelegate.swift */; };
		518E823324DAA665002CB679 /* SceneDelegate.swift in Sources */ = {isa = PBXBuildFile; fileRef = 518E823224DAA665002CB679 /* SceneDelegate.swift */; };
		518E823524DAA665002CB679 /* AddCartView.swift in Sources */ = {isa = PBXBuildFile; fileRef = 518E823424DAA665002CB679 /* AddCartView.swift */; };
		518E823724DAA667002CB679 /* Assets.xcassets in Resources */ = {isa = PBXBuildFile; fileRef = 518E823624DAA667002CB679 /* Assets.xcassets */; };
		518E823A24DAA667002CB679 /* Preview Assets.xcassets in Resources */ = {isa = PBXBuildFile; fileRef = 518E823924DAA667002CB679 /* Preview Assets.xcassets */; };
		518E823D24DAA667002CB679 /* LaunchScreen.storyboard in Resources */ = {isa = PBXBuildFile; fileRef = 518E823B24DAA667002CB679 /* LaunchScreen.storyboard */; };
		51AFB36524DB00AD006840D3 /* CartView.swift in Sources */ = {isa = PBXBuildFile; fileRef = 51AFB36424DB00AD006840D3 /* CartView.swift */; };
		51AFB36724DB1393006840D3 /* ShirtView.swift in Sources */ = {isa = PBXBuildFile; fileRef = 51AFB36624DB1393006840D3 /* ShirtView.swift */; };
		51B885D32503A40B007DFDCA /* CircleLoader.swift in Sources */ = {isa = PBXBuildFile; fileRef = 51B885D22503A40B007DFDCA /* CircleLoader.swift */; };
		51C16C0124E2F7FB006A4BBE /* ArcView.swift in Sources */ = {isa = PBXBuildFile; fileRef = 51C16C0024E2F7FB006A4BBE /* ArcView.swift */; };
		51C16C0424E2F81F006A4BBE /* Arc.swift in Sources */ = {isa = PBXBuildFile; fileRef = 51C16C0324E2F81F006A4BBE /* Arc.swift */; };
		51C8BB1B24E3F6CF00DCE354 /* Circles.swift in Sources */ = {isa = PBXBuildFile; fileRef = 51C8BB1A24E3F6CF00DCE354 /* Circles.swift */; };
		51C8BB1D24E3FC2200DCE354 /* CircleEmitter.swift in Sources */ = {isa = PBXBuildFile; fileRef = 51C8BB1C24E3FC2200DCE354 /* CircleEmitter.swift */; };
		51C8BB2024E4514B00DCE354 /* LoaderView.swift in Sources */ = {isa = PBXBuildFile; fileRef = 51C8BB1F24E4514B00DCE354 /* LoaderView.swift */; };
		51CBD27E250B30770005D9C2 /* PillLoader.swift in Sources */ = {isa = PBXBuildFile; fileRef = 51CBD27D250B30770005D9C2 /* PillLoader.swift */; };
		51CBD281250B69550005D9C2 /* Pill.swift in Sources */ = {isa = PBXBuildFile; fileRef = 51CBD280250B69550005D9C2 /* Pill.swift */; };
		51CBD283250B6C5F0005D9C2 /* PillGroupView.swift in Sources */ = {isa = PBXBuildFile; fileRef = 51CBD282250B6C5F0005D9C2 /* PillGroupView.swift */; };
		51D3E49624F14591004325B5 /* AddView.swift in Sources */ = {isa = PBXBuildFile; fileRef = 51D3E49424F14591004325B5 /* AddView.swift */; };
		51D3E49724F14591004325B5 /* ExpandingView.swift in Sources */ = {isa = PBXBuildFile; fileRef = 51D3E49524F14591004325B5 /* ExpandingView.swift */; };
		51D6273A24E19F2A00BCE1C8 /* WifiView.swift in Sources */ = {isa = PBXBuildFile; fileRef = 51D6273924E19F2A00BCE1C8 /* WifiView.swift */; };
		51DAC7B3250E07E800ECA895 /* ShrinkingCapsule.swift in Sources */ = {isa = PBXBuildFile; fileRef = 51DAC7B2250E07E800ECA895 /* ShrinkingCapsule.swift */; };
		51F6B07F24E81E0300EF840F /* Loader.swift in Sources */ = {isa = PBXBuildFile; fileRef = 51F6B07E24E81E0300EF840F /* Loader.swift */; };
		F3714E8E251F528700D627D4 /* FloatingLike.swift in Sources */ = {isa = PBXBuildFile; fileRef = F3714E8D251F528700D627D4 /* FloatingLike.swift */; };
		F3714E94251F8DEB00D627D4 /* HeartImageView.swift in Sources */ = {isa = PBXBuildFile; fileRef = F3714E93251F8DEB00D627D4 /* HeartImageView.swift */; };
		F39D62DF251CF07900BB25D2 /* CapusuleGroupView.swift in Sources */ = {isa = PBXBuildFile; fileRef = F39D62DE251CF07900BB25D2 /* CapusuleGroupView.swift */; };
		F39D62E2251CF2CA00BB25D2 /* LowerCapsuleView.swift in Sources */ = {isa = PBXBuildFile; fileRef = F39D62E1251CF2CA00BB25D2 /* LowerCapsuleView.swift */; };
		F3DA9AAD252DB1DE00CF2516 /* SubmitView.swift in Sources */ = {isa = PBXBuildFile; fileRef = F3DA9AAC252DB1DE00CF2516 /* SubmitView.swift */; };
		F3DA9AB2252DB4C100CF2516 /* RotatingCircle.swift in Sources */ = {isa = PBXBuildFile; fileRef = F3DA9AB1252DB4C100CF2516 /* RotatingCircle.swift */; };
/* End PBXBuildFile section */

/* Begin PBXFileReference section */
		51370C4224EBD59A00103512 /* LoaderState.swift */ = {isa = PBXFileReference; lastKnownFileType = sourcecode.swift; path = LoaderState.swift; sourceTree = "<group>"; };
		51390967250D1FAE000CE14A /* LikeView.swift */ = {isa = PBXFileReference; lastKnownFileType = sourcecode.swift; path = LikeView.swift; sourceTree = "<group>"; };
		5146436F250BCB830046D835 /* WaveFill.swift */ = {isa = PBXFileReference; lastKnownFileType = sourcecode.swift; path = WaveFill.swift; sourceTree = "<group>"; };
		51464371250BD7700046D835 /* PillsDropView.swift */ = {isa = PBXFileReference; lastKnownFileType = sourcecode.swift; path = PillsDropView.swift; sourceTree = "<group>"; };
		51464373250BD8840046D835 /* FillShapes.swift */ = {isa = PBXFileReference; lastKnownFileType = sourcecode.swift; path = FillShapes.swift; sourceTree = "<group>"; };
		515557E624DE966F0001E523 /* ChatBarView.swift */ = {isa = PBXFileReference; lastKnownFileType = sourcecode.swift; path = ChatBarView.swift; sourceTree = "<group>"; };
		515557E824DEA6050001E523 /* AttachmentButton.swift */ = {isa = PBXFileReference; lastKnownFileType = sourcecode.swift; path = AttachmentButton.swift; sourceTree = "<group>"; };
		515557EB24DEAC350001E523 /* Colors.swift */ = {isa = PBXFileReference; lastKnownFileType = sourcecode.swift; path = Colors.swift; sourceTree = "<group>"; };
		517BFA5D24DC45C100D4F78A /* Triangle.swift */ = {isa = PBXFileReference; lastKnownFileType = sourcecode.swift; path = Triangle.swift; sourceTree = "<group>"; };
		517BFA5F24DC45C800D4F78A /* Tick.swift */ = {isa = PBXFileReference; lastKnownFileType = sourcecode.swift; path = Tick.swift; sourceTree = "<group>"; };
		518E822D24DAA665002CB679 /* SwiftUI-Animations.app */ = {isa = PBXFileReference; explicitFileType = wrapper.application; includeInIndex = 0; path = "SwiftUI-Animations.app"; sourceTree = BUILT_PRODUCTS_DIR; };
		518E823024DAA665002CB679 /* AppDelegate.swift */ = {isa = PBXFileReference; lastKnownFileType = sourcecode.swift; path = AppDelegate.swift; sourceTree = "<group>"; };
		518E823224DAA665002CB679 /* SceneDelegate.swift */ = {isa = PBXFileReference; lastKnownFileType = sourcecode.swift; path = SceneDelegate.swift; sourceTree = "<group>"; };
		518E823424DAA665002CB679 /* AddCartView.swift */ = {isa = PBXFileReference; lastKnownFileType = sourcecode.swift; path = AddCartView.swift; sourceTree = "<group>"; };
		518E823624DAA667002CB679 /* Assets.xcassets */ = {isa = PBXFileReference; lastKnownFileType = folder.assetcatalog; path = Assets.xcassets; sourceTree = "<group>"; };
		518E823924DAA667002CB679 /* Preview Assets.xcassets */ = {isa = PBXFileReference; lastKnownFileType = folder.assetcatalog; path = "Preview Assets.xcassets"; sourceTree = "<group>"; };
		518E823C24DAA667002CB679 /* Base */ = {isa = PBXFileReference; lastKnownFileType = file.storyboard; name = Base; path = Base.lproj/LaunchScreen.storyboard; sourceTree = "<group>"; };
		518E823E24DAA667002CB679 /* Info.plist */ = {isa = PBXFileReference; lastKnownFileType = text.plist.xml; path = Info.plist; sourceTree = "<group>"; };
		51AFB36424DB00AD006840D3 /* CartView.swift */ = {isa = PBXFileReference; lastKnownFileType = sourcecode.swift; path = CartView.swift; sourceTree = "<group>"; };
		51AFB36624DB1393006840D3 /* ShirtView.swift */ = {isa = PBXFileReference; lastKnownFileType = sourcecode.swift; path = ShirtView.swift; sourceTree = "<group>"; };
		51B885D22503A40B007DFDCA /* CircleLoader.swift */ = {isa = PBXFileReference; lastKnownFileType = sourcecode.swift; path = CircleLoader.swift; sourceTree = "<group>"; };
		51C16C0024E2F7FB006A4BBE /* ArcView.swift */ = {isa = PBXFileReference; lastKnownFileType = sourcecode.swift; path = ArcView.swift; sourceTree = "<group>"; };
		51C16C0324E2F81F006A4BBE /* Arc.swift */ = {isa = PBXFileReference; lastKnownFileType = sourcecode.swift; path = Arc.swift; sourceTree = "<group>"; };
		51C8BB1A24E3F6CF00DCE354 /* Circles.swift */ = {isa = PBXFileReference; lastKnownFileType = sourcecode.swift; path = Circles.swift; sourceTree = "<group>"; };
		51C8BB1C24E3FC2200DCE354 /* CircleEmitter.swift */ = {isa = PBXFileReference; lastKnownFileType = sourcecode.swift; path = CircleEmitter.swift; sourceTree = "<group>"; };
		51C8BB1F24E4514B00DCE354 /* LoaderView.swift */ = {isa = PBXFileReference; lastKnownFileType = sourcecode.swift; path = LoaderView.swift; sourceTree = "<group>"; };
		51CBD27D250B30770005D9C2 /* PillLoader.swift */ = {isa = PBXFileReference; lastKnownFileType = sourcecode.swift; path = PillLoader.swift; sourceTree = "<group>"; };
		51CBD280250B69550005D9C2 /* Pill.swift */ = {isa = PBXFileReference; lastKnownFileType = sourcecode.swift; path = Pill.swift; sourceTree = "<group>"; };
		51CBD282250B6C5F0005D9C2 /* PillGroupView.swift */ = {isa = PBXFileReference; lastKnownFileType = sourcecode.swift; path = PillGroupView.swift; sourceTree = "<group>"; };
		51D3E49424F14591004325B5 /* AddView.swift */ = {isa = PBXFileReference; fileEncoding = 4; lastKnownFileType = sourcecode.swift; path = AddView.swift; sourceTree = "<group>"; };
		51D3E49524F14591004325B5 /* ExpandingView.swift */ = {isa = PBXFileReference; fileEncoding = 4; lastKnownFileType = sourcecode.swift; path = ExpandingView.swift; sourceTree = "<group>"; };
		51D6273924E19F2A00BCE1C8 /* WifiView.swift */ = {isa = PBXFileReference; lastKnownFileType = sourcecode.swift; path = WifiView.swift; sourceTree = "<group>"; };
		51DAC7B2250E07E800ECA895 /* ShrinkingCapsule.swift */ = {isa = PBXFileReference; lastKnownFileType = sourcecode.swift; path = ShrinkingCapsule.swift; sourceTree = "<group>"; };
		51F6B07E24E81E0300EF840F /* Loader.swift */ = {isa = PBXFileReference; lastKnownFileType = sourcecode.swift; path = Loader.swift; sourceTree = "<group>"; };
		F3714E8D251F528700D627D4 /* FloatingLike.swift */ = {isa = PBXFileReference; lastKnownFileType = sourcecode.swift; path = FloatingLike.swift; sourceTree = "<group>"; };
		F3714E93251F8DEB00D627D4 /* HeartImageView.swift */ = {isa = PBXFileReference; lastKnownFileType = sourcecode.swift; path = HeartImageView.swift; sourceTree = "<group>"; };
		F39D62DE251CF07900BB25D2 /* CapusuleGroupView.swift */ = {isa = PBXFileReference; lastKnownFileType = sourcecode.swift; path = CapusuleGroupView.swift; sourceTree = "<group>"; };
		F39D62E1251CF2CA00BB25D2 /* LowerCapsuleView.swift */ = {isa = PBXFileReference; lastKnownFileType = sourcecode.swift; path = LowerCapsuleView.swift; sourceTree = "<group>"; };
		F3DA9AAC252DB1DE00CF2516 /* SubmitView.swift */ = {isa = PBXFileReference; lastKnownFileType = sourcecode.swift; path = SubmitView.swift; sourceTree = "<group>"; };
		F3DA9AB1252DB4C100CF2516 /* RotatingCircle.swift */ = {isa = PBXFileReference; lastKnownFileType = sourcecode.swift; path = RotatingCircle.swift; sourceTree = "<group>"; };
/* End PBXFileReference section */

/* Begin PBXFrameworksBuildPhase section */
		518E822A24DAA665002CB679 /* Frameworks */ = {
			isa = PBXFrameworksBuildPhase;
			buildActionMask = 2147483647;
			files = (
			);
			runOnlyForDeploymentPostprocessing = 0;
		};
/* End PBXFrameworksBuildPhase section */

/* Begin PBXGroup section */
		51390966250D1F97000CE14A /* Like */ = {
			isa = PBXGroup;
			children = (
				51390969250D2381000CE14A /* Support Shapes */,
				51390967250D1FAE000CE14A /* LikeView.swift */,
			);
			path = Like;
			sourceTree = "<group>";
		};
		51390969250D2381000CE14A /* Support Shapes */ = {
			isa = PBXGroup;
			children = (
				51DAC7B2250E07E800ECA895 /* ShrinkingCapsule.swift */,
				F39D62DE251CF07900BB25D2 /* CapusuleGroupView.swift */,
				F39D62E1251CF2CA00BB25D2 /* LowerCapsuleView.swift */,
				F3714E8D251F528700D627D4 /* FloatingLike.swift */,
				F3714E93251F8DEB00D627D4 /* HeartImageView.swift */,
			);
			path = "Support Shapes";
			sourceTree = "<group>";
		};
		515557E524DE963C0001E523 /* ChatBar */ = {
			isa = PBXGroup;
			children = (
				515557E624DE966F0001E523 /* ChatBarView.swift */,
				515557E824DEA6050001E523 /* AttachmentButton.swift */,
			);
			path = ChatBar;
			sourceTree = "<group>";
		};
		515557EA24DEABE40001E523 /* Utils */ = {
			isa = PBXGroup;
			children = (
				515557EB24DEAC350001E523 /* Colors.swift */,
			);
			path = Utils;
			sourceTree = "<group>";
		};
		517BFA5C24DC45B200D4F78A /* SupportShapes */ = {
			isa = PBXGroup;
			children = (
				517BFA5D24DC45C100D4F78A /* Triangle.swift */,
				517BFA5F24DC45C800D4F78A /* Tick.swift */,
			);
			path = SupportShapes;
			sourceTree = "<group>";
		};
		518E822424DAA665002CB679 = {
			isa = PBXGroup;
			children = (
				518E822F24DAA665002CB679 /* SwiftUI-Animations */,
				518E822E24DAA665002CB679 /* Products */,
			);
			sourceTree = "<group>";
		};
		518E822E24DAA665002CB679 /* Products */ = {
			isa = PBXGroup;
			children = (
				518E822D24DAA665002CB679 /* SwiftUI-Animations.app */,
			);
			name = Products;
			sourceTree = "<group>";
		};
		518E822F24DAA665002CB679 /* SwiftUI-Animations */ = {
			isa = PBXGroup;
			children = (
				F3DA9AAB252DB1D200CF2516 /* SubmitView */,
				51390966250D1F97000CE14A /* Like */,
				51CBD27C250B30650005D9C2 /* PillLoader */,
				51B885D12503A3FC007DFDCA /* CircleLoader */,
				51D3E49324F14591004325B5 /* AddView */,
				51C8BB1E24E4513A00DCE354 /* Loader */,
				519D13F824E1766400ECF0B6 /* Wifi */,
				515557E524DE963C0001E523 /* ChatBar */,
				51AFB36324DB0096006840D3 /* Cart */,
				515557EA24DEABE40001E523 /* Utils */,
				518E823024DAA665002CB679 /* AppDelegate.swift */,
				518E823224DAA665002CB679 /* SceneDelegate.swift */,
				518E823624DAA667002CB679 /* Assets.xcassets */,
				518E823B24DAA667002CB679 /* LaunchScreen.storyboard */,
				518E823E24DAA667002CB679 /* Info.plist */,
				518E823824DAA667002CB679 /* Preview Content */,
			);
			path = "SwiftUI-Animations";
			sourceTree = "<group>";
		};
		518E823824DAA667002CB679 /* Preview Content */ = {
			isa = PBXGroup;
			children = (
				518E823924DAA667002CB679 /* Preview Assets.xcassets */,
			);
			path = "Preview Content";
			sourceTree = "<group>";
		};
		519D13F824E1766400ECF0B6 /* Wifi */ = {
			isa = PBXGroup;
			children = (
				51C16C0224E2F80C006A4BBE /* Support Shapes */,
				51D6273924E19F2A00BCE1C8 /* WifiView.swift */,
				51C16C0024E2F7FB006A4BBE /* ArcView.swift */,
				51C8BB1C24E3FC2200DCE354 /* CircleEmitter.swift */,
			);
			path = Wifi;
			sourceTree = "<group>";
		};
		51AFB36324DB0096006840D3 /* Cart */ = {
			isa = PBXGroup;
			children = (
				517BFA5C24DC45B200D4F78A /* SupportShapes */,
				518E823424DAA665002CB679 /* AddCartView.swift */,
				51AFB36424DB00AD006840D3 /* CartView.swift */,
				51AFB36624DB1393006840D3 /* ShirtView.swift */,
			);
			path = Cart;
			sourceTree = "<group>";
		};
		51B885D12503A3FC007DFDCA /* CircleLoader */ = {
			isa = PBXGroup;
			children = (
				51B885D22503A40B007DFDCA /* CircleLoader.swift */,
			);
			path = CircleLoader;
			sourceTree = "<group>";
		};
		51C16C0224E2F80C006A4BBE /* Support Shapes */ = {
			isa = PBXGroup;
			children = (
				51C16C0324E2F81F006A4BBE /* Arc.swift */,
				51C8BB1A24E3F6CF00DCE354 /* Circles.swift */,
			);
			path = "Support Shapes";
			sourceTree = "<group>";
		};
		51C8BB1E24E4513A00DCE354 /* Loader */ = {
			isa = PBXGroup;
			children = (
				51F6B07D24E81DE200EF840F /* Support Shapes */,
				51C8BB1F24E4514B00DCE354 /* LoaderView.swift */,
				51370C4224EBD59A00103512 /* LoaderState.swift */,
			);
			path = Loader;
			sourceTree = "<group>";
		};
		51CBD27C250B30650005D9C2 /* PillLoader */ = {
			isa = PBXGroup;
			children = (
				51CBD27F250B694A0005D9C2 /* Support Shapes */,
				51CBD27D250B30770005D9C2 /* PillLoader.swift */,
			);
			path = PillLoader;
			sourceTree = "<group>";
		};
		51CBD27F250B694A0005D9C2 /* Support Shapes */ = {
			isa = PBXGroup;
			children = (
				51CBD280250B69550005D9C2 /* Pill.swift */,
				51CBD282250B6C5F0005D9C2 /* PillGroupView.swift */,
				51464371250BD7700046D835 /* PillsDropView.swift */,
				5146436F250BCB830046D835 /* WaveFill.swift */,
				51464373250BD8840046D835 /* FillShapes.swift */,
			);
			path = "Support Shapes";
			sourceTree = "<group>";
		};
		51D3E49324F14591004325B5 /* AddView */ = {
			isa = PBXGroup;
			children = (
				51D3E49424F14591004325B5 /* AddView.swift */,
				51D3E49524F14591004325B5 /* ExpandingView.swift */,
			);
			path = AddView;
			sourceTree = "<group>";
		};
		51F6B07D24E81DE200EF840F /* Support Shapes */ = {
			isa = PBXGroup;
			children = (
				51F6B07E24E81E0300EF840F /* Loader.swift */,
			);
			path = "Support Shapes";
			sourceTree = "<group>";
		};
		F3DA9AAB252DB1D200CF2516 /* SubmitView */ = {
			isa = PBXGroup;
			children = (
				F3DA9AB0252DB4B000CF2516 /* Support Shapes */,
				F3DA9AAC252DB1DE00CF2516 /* SubmitView.swift */,
			);
			path = SubmitView;
			sourceTree = "<group>";
		};
		F3DA9AB0252DB4B000CF2516 /* Support Shapes */ = {
			isa = PBXGroup;
			children = (
				F3DA9AB1252DB4C100CF2516 /* RotatingCircle.swift */,
			);
			path = "Support Shapes";
			sourceTree = "<group>";
		};
/* End PBXGroup section */

/* Begin PBXNativeTarget section */
		518E822C24DAA665002CB679 /* SwiftUI-Animations */ = {
			isa = PBXNativeTarget;
			buildConfigurationList = 518E824124DAA667002CB679 /* Build configuration list for PBXNativeTarget "SwiftUI-Animations" */;
			buildPhases = (
				518E822924DAA665002CB679 /* Sources */,
				518E822A24DAA665002CB679 /* Frameworks */,
				518E822B24DAA665002CB679 /* Resources */,
			);
			buildRules = (
			);
			dependencies = (
			);
			name = "SwiftUI-Animations";
			productName = "SwiftUI-Animations";
			productReference = 518E822D24DAA665002CB679 /* SwiftUI-Animations.app */;
			productType = "com.apple.product-type.application";
		};
/* End PBXNativeTarget section */

/* Begin PBXProject section */
		518E822524DAA665002CB679 /* Project object */ = {
			isa = PBXProject;
			attributes = {
				LastSwiftUpdateCheck = 1160;
				LastUpgradeCheck = 1160;
				ORGANIZATIONNAME = "Shubham Singh";
				TargetAttributes = {
					518E822C24DAA665002CB679 = {
						CreatedOnToolsVersion = 11.6;
					};
				};
			};
			buildConfigurationList = 518E822824DAA665002CB679 /* Build configuration list for PBXProject "SwiftUI-Animations" */;
			compatibilityVersion = "Xcode 9.3";
			developmentRegion = en;
			hasScannedForEncodings = 0;
			knownRegions = (
				en,
				Base,
			);
			mainGroup = 518E822424DAA665002CB679;
			productRefGroup = 518E822E24DAA665002CB679 /* Products */;
			projectDirPath = "";
			projectRoot = "";
			targets = (
				518E822C24DAA665002CB679 /* SwiftUI-Animations */,
			);
		};
/* End PBXProject section */

/* Begin PBXResourcesBuildPhase section */
		518E822B24DAA665002CB679 /* Resources */ = {
			isa = PBXResourcesBuildPhase;
			buildActionMask = 2147483647;
			files = (
				518E823D24DAA667002CB679 /* LaunchScreen.storyboard in Resources */,
				518E823A24DAA667002CB679 /* Preview Assets.xcassets in Resources */,
				518E823724DAA667002CB679 /* Assets.xcassets in Resources */,
			);
			runOnlyForDeploymentPostprocessing = 0;
		};
/* End PBXResourcesBuildPhase section */

/* Begin PBXSourcesBuildPhase section */
		518E822924DAA665002CB679 /* Sources */ = {
			isa = PBXSourcesBuildPhase;
			buildActionMask = 2147483647;
			files = (
				518E823124DAA665002CB679 /* AppDelegate.swift in Sources */,
				51464374250BD8840046D835 /* FillShapes.swift in Sources */,
				51C8BB1B24E3F6CF00DCE354 /* Circles.swift in Sources */,
				51C8BB1D24E3FC2200DCE354 /* CircleEmitter.swift in Sources */,
				F3DA9AAD252DB1DE00CF2516 /* SubmitView.swift in Sources */,
				51D3E49724F14591004325B5 /* ExpandingView.swift in Sources */,
				51D6273A24E19F2A00BCE1C8 /* WifiView.swift in Sources */,
				F3714E8E251F528700D627D4 /* FloatingLike.swift in Sources */,
				515557EC24DEAC350001E523 /* Colors.swift in Sources */,
				515557E924DEA6050001E523 /* AttachmentButton.swift in Sources */,
				51CBD283250B6C5F0005D9C2 /* PillGroupView.swift in Sources */,
				F3DA9AB2252DB4C100CF2516 /* RotatingCircle.swift in Sources */,
				51464370250BCB830046D835 /* WaveFill.swift in Sources */,
				51C16C0424E2F81F006A4BBE /* Arc.swift in Sources */,
				517BFA6024DC45C800D4F78A /* Tick.swift in Sources */,
				51AFB36724DB1393006840D3 /* ShirtView.swift in Sources */,
				518E823324DAA665002CB679 /* SceneDelegate.swift in Sources */,
				51D3E49624F14591004325B5 /* AddView.swift in Sources */,
				51F6B07F24E81E0300EF840F /* Loader.swift in Sources */,
				515557E724DE966F0001E523 /* ChatBarView.swift in Sources */,
				F3714E94251F8DEB00D627D4 /* HeartImageView.swift in Sources */,
				517BFA5E24DC45C100D4F78A /* Triangle.swift in Sources */,
				F39D62E2251CF2CA00BB25D2 /* LowerCapsuleView.swift in Sources */,
				51CBD27E250B30770005D9C2 /* PillLoader.swift in Sources */,
				F39D62DF251CF07900BB25D2 /* CapusuleGroupView.swift in Sources */,
				51B885D32503A40B007DFDCA /* CircleLoader.swift in Sources */,
				51390968250D1FAE000CE14A /* LikeView.swift in Sources */,
				51DAC7B3250E07E800ECA895 /* ShrinkingCapsule.swift in Sources */,
				51C16C0124E2F7FB006A4BBE /* ArcView.swift in Sources */,
				51370C4324EBD59A00103512 /* LoaderState.swift in Sources */,
				51C8BB2024E4514B00DCE354 /* LoaderView.swift in Sources */,
				51CBD281250B69550005D9C2 /* Pill.swift in Sources */,
				51AFB36524DB00AD006840D3 /* CartView.swift in Sources */,
				51464372250BD7700046D835 /* PillsDropView.swift in Sources */,
				518E823524DAA665002CB679 /* AddCartView.swift in Sources */,
			);
			runOnlyForDeploymentPostprocessing = 0;
		};
/* End PBXSourcesBuildPhase section */

/* Begin PBXVariantGroup section */
		518E823B24DAA667002CB679 /* LaunchScreen.storyboard */ = {
			isa = PBXVariantGroup;
			children = (
				518E823C24DAA667002CB679 /* Base */,
			);
			name = LaunchScreen.storyboard;
			sourceTree = "<group>";
		};
/* End PBXVariantGroup section */

/* Begin XCBuildConfiguration section */
		518E823F24DAA667002CB679 /* Debug */ = {
			isa = XCBuildConfiguration;
			buildSettings = {
				ALWAYS_SEARCH_USER_PATHS = NO;
				CLANG_ANALYZER_NONNULL = YES;
				CLANG_ANALYZER_NUMBER_OBJECT_CONVERSION = YES_AGGRESSIVE;
				CLANG_CXX_LANGUAGE_STANDARD = "gnu++14";
				CLANG_CXX_LIBRARY = "libc++";
				CLANG_ENABLE_MODULES = YES;
				CLANG_ENABLE_OBJC_ARC = YES;
				CLANG_ENABLE_OBJC_WEAK = YES;
				CLANG_WARN_BLOCK_CAPTURE_AUTORELEASING = YES;
				CLANG_WARN_BOOL_CONVERSION = YES;
				CLANG_WARN_COMMA = YES;
				CLANG_WARN_CONSTANT_CONVERSION = YES;
				CLANG_WARN_DEPRECATED_OBJC_IMPLEMENTATIONS = YES;
				CLANG_WARN_DIRECT_OBJC_ISA_USAGE = YES_ERROR;
				CLANG_WARN_DOCUMENTATION_COMMENTS = YES;
				CLANG_WARN_EMPTY_BODY = YES;
				CLANG_WARN_ENUM_CONVERSION = YES;
				CLANG_WARN_INFINITE_RECURSION = YES;
				CLANG_WARN_INT_CONVERSION = YES;
				CLANG_WARN_NON_LITERAL_NULL_CONVERSION = YES;
				CLANG_WARN_OBJC_IMPLICIT_RETAIN_SELF = YES;
				CLANG_WARN_OBJC_LITERAL_CONVERSION = YES;
				CLANG_WARN_OBJC_ROOT_CLASS = YES_ERROR;
				CLANG_WARN_RANGE_LOOP_ANALYSIS = YES;
				CLANG_WARN_STRICT_PROTOTYPES = YES;
				CLANG_WARN_SUSPICIOUS_MOVE = YES;
				CLANG_WARN_UNGUARDED_AVAILABILITY = YES_AGGRESSIVE;
				CLANG_WARN_UNREACHABLE_CODE = YES;
				CLANG_WARN__DUPLICATE_METHOD_MATCH = YES;
				COPY_PHASE_STRIP = NO;
				DEBUG_INFORMATION_FORMAT = dwarf;
				ENABLE_STRICT_OBJC_MSGSEND = YES;
				ENABLE_TESTABILITY = YES;
				GCC_C_LANGUAGE_STANDARD = gnu11;
				GCC_DYNAMIC_NO_PIC = NO;
				GCC_NO_COMMON_BLOCKS = YES;
				GCC_OPTIMIZATION_LEVEL = 0;
				GCC_PREPROCESSOR_DEFINITIONS = (
					"DEBUG=1",
					"$(inherited)",
				);
				GCC_WARN_64_TO_32_BIT_CONVERSION = YES;
				GCC_WARN_ABOUT_RETURN_TYPE = YES_ERROR;
				GCC_WARN_UNDECLARED_SELECTOR = YES;
				GCC_WARN_UNINITIALIZED_AUTOS = YES_AGGRESSIVE;
				GCC_WARN_UNUSED_FUNCTION = YES;
				GCC_WARN_UNUSED_VARIABLE = YES;
				IPHONEOS_DEPLOYMENT_TARGET = 13.6;
				MTL_ENABLE_DEBUG_INFO = INCLUDE_SOURCE;
				MTL_FAST_MATH = YES;
				ONLY_ACTIVE_ARCH = YES;
				SDKROOT = iphoneos;
				SWIFT_ACTIVE_COMPILATION_CONDITIONS = DEBUG;
				SWIFT_OPTIMIZATION_LEVEL = "-Onone";
			};
			name = Debug;
		};
		518E824024DAA667002CB679 /* Release */ = {
			isa = XCBuildConfiguration;
			buildSettings = {
				ALWAYS_SEARCH_USER_PATHS = NO;
				CLANG_ANALYZER_NONNULL = YES;
				CLANG_ANALYZER_NUMBER_OBJECT_CONVERSION = YES_AGGRESSIVE;
				CLANG_CXX_LANGUAGE_STANDARD = "gnu++14";
				CLANG_CXX_LIBRARY = "libc++";
				CLANG_ENABLE_MODULES = YES;
				CLANG_ENABLE_OBJC_ARC = YES;
				CLANG_ENABLE_OBJC_WEAK = YES;
				CLANG_WARN_BLOCK_CAPTURE_AUTORELEASING = YES;
				CLANG_WARN_BOOL_CONVERSION = YES;
				CLANG_WARN_COMMA = YES;
				CLANG_WARN_CONSTANT_CONVERSION = YES;
				CLANG_WARN_DEPRECATED_OBJC_IMPLEMENTATIONS = YES;
				CLANG_WARN_DIRECT_OBJC_ISA_USAGE = YES_ERROR;
				CLANG_WARN_DOCUMENTATION_COMMENTS = YES;
				CLANG_WARN_EMPTY_BODY = YES;
				CLANG_WARN_ENUM_CONVERSION = YES;
				CLANG_WARN_INFINITE_RECURSION = YES;
				CLANG_WARN_INT_CONVERSION = YES;
				CLANG_WARN_NON_LITERAL_NULL_CONVERSION = YES;
				CLANG_WARN_OBJC_IMPLICIT_RETAIN_SELF = YES;
				CLANG_WARN_OBJC_LITERAL_CONVERSION = YES;
				CLANG_WARN_OBJC_ROOT_CLASS = YES_ERROR;
				CLANG_WARN_RANGE_LOOP_ANALYSIS = YES;
				CLANG_WARN_STRICT_PROTOTYPES = YES;
				CLANG_WARN_SUSPICIOUS_MOVE = YES;
				CLANG_WARN_UNGUARDED_AVAILABILITY = YES_AGGRESSIVE;
				CLANG_WARN_UNREACHABLE_CODE = YES;
				CLANG_WARN__DUPLICATE_METHOD_MATCH = YES;
				COPY_PHASE_STRIP = NO;
				DEBUG_INFORMATION_FORMAT = "dwarf-with-dsym";
				ENABLE_NS_ASSERTIONS = NO;
				ENABLE_STRICT_OBJC_MSGSEND = YES;
				GCC_C_LANGUAGE_STANDARD = gnu11;
				GCC_NO_COMMON_BLOCKS = YES;
				GCC_WARN_64_TO_32_BIT_CONVERSION = YES;
				GCC_WARN_ABOUT_RETURN_TYPE = YES_ERROR;
				GCC_WARN_UNDECLARED_SELECTOR = YES;
				GCC_WARN_UNINITIALIZED_AUTOS = YES_AGGRESSIVE;
				GCC_WARN_UNUSED_FUNCTION = YES;
				GCC_WARN_UNUSED_VARIABLE = YES;
				IPHONEOS_DEPLOYMENT_TARGET = 13.6;
				MTL_ENABLE_DEBUG_INFO = NO;
				MTL_FAST_MATH = YES;
				SDKROOT = iphoneos;
				SWIFT_COMPILATION_MODE = wholemodule;
				SWIFT_OPTIMIZATION_LEVEL = "-O";
				VALIDATE_PRODUCT = YES;
			};
			name = Release;
		};
		518E824224DAA667002CB679 /* Debug */ = {
			isa = XCBuildConfiguration;
			buildSettings = {
				ASSETCATALOG_COMPILER_APPICON_NAME = AppIcon;
				CODE_SIGN_STYLE = Automatic;
				DEVELOPMENT_ASSET_PATHS = "\"SwiftUI-Animations/Preview Content\"";
				DEVELOPMENT_TEAM = T3JUZKQX4R;
				ENABLE_PREVIEWS = YES;
				INFOPLIST_FILE = "SwiftUI-Animations/Info.plist";
				LD_RUNPATH_SEARCH_PATHS = (
					"$(inherited)",
					"@executable_path/Frameworks",
				);
				PRODUCT_BUNDLE_IDENTIFIER = "com.shubham.iosDev.SwiftUI-Animation";
				PRODUCT_NAME = "$(TARGET_NAME)";
				SWIFT_VERSION = 5.0;
				TARGETED_DEVICE_FAMILY = "1,2";
			};
			name = Debug;
		};
		518E824324DAA667002CB679 /* Release */ = {
			isa = XCBuildConfiguration;
			buildSettings = {
				ASSETCATALOG_COMPILER_APPICON_NAME = AppIcon;
				CODE_SIGN_STYLE = Automatic;
				DEVELOPMENT_ASSET_PATHS = "\"SwiftUI-Animations/Preview Content\"";
				DEVELOPMENT_TEAM = T3JUZKQX4R;
				ENABLE_PREVIEWS = YES;
				INFOPLIST_FILE = "SwiftUI-Animations/Info.plist";
				LD_RUNPATH_SEARCH_PATHS = (
					"$(inherited)",
					"@executable_path/Frameworks",
				);
				PRODUCT_BUNDLE_IDENTIFIER = "com.shubham.iosDev.SwiftUI-Animation";
				PRODUCT_NAME = "$(TARGET_NAME)";
				SWIFT_VERSION = 5.0;
				TARGETED_DEVICE_FAMILY = "1,2";
			};
			name = Release;
		};
/* End XCBuildConfiguration section */

/* Begin XCConfigurationList section */
		518E822824DAA665002CB679 /* Build configuration list for PBXProject "SwiftUI-Animations" */ = {
			isa = XCConfigurationList;
			buildConfigurations = (
				518E823F24DAA667002CB679 /* Debug */,
				518E824024DAA667002CB679 /* Release */,
			);
			defaultConfigurationIsVisible = 0;
			defaultConfigurationName = Release;
		};
		518E824124DAA667002CB679 /* Build configuration list for PBXNativeTarget "SwiftUI-Animations" */ = {
			isa = XCConfigurationList;
			buildConfigurations = (
				518E824224DAA667002CB679 /* Debug */,
				518E824324DAA667002CB679 /* Release */,
			);
			defaultConfigurationIsVisible = 0;
			defaultConfigurationName = Release;
		};
/* End XCConfigurationList section */
	};
	rootObject = 518E822524DAA665002CB679 /* Project object */;
}
